// !$*UTF8*$!
{
	archiveVersion = 1;
	classes = {
	};
	objectVersion = 46;
	objects = {

/* Begin PBXBuildFile section */
		EC4FD2DE1A75DF38001A33FD /* LoginVC.m in Sources */ = {isa = PBXBuildFile; fileRef = EC4FD2DD1A75DF38001A33FD /* LoginVC.m */; };
		ECE6C3531A71BA680073D21D /* main.m in Sources */ = {isa = PBXBuildFile; fileRef = ECE6C3521A71BA680073D21D /* main.m */; };
		ECE6C3561A71BA680073D21D /* AppDelegate.m in Sources */ = {isa = PBXBuildFile; fileRef = ECE6C3551A71BA680073D21D /* AppDelegate.m */; };
		ECE6C35C1A71BA680073D21D /* Main.storyboard in Resources */ = {isa = PBXBuildFile; fileRef = ECE6C35A1A71BA680073D21D /* Main.storyboard */; };
		ECE6C35E1A71BA680073D21D /* Images.xcassets in Resources */ = {isa = PBXBuildFile; fileRef = ECE6C35D1A71BA680073D21D /* Images.xcassets */; };
		ECE6C3611A71BA680073D21D /* LaunchScreen.xib in Resources */ = {isa = PBXBuildFile; fileRef = ECE6C35F1A71BA680073D21D /* LaunchScreen.xib */; };
		ECE6C36D1A71BA680073D21D /* My_FriendsTests.m in Sources */ = {isa = PBXBuildFile; fileRef = ECE6C36C1A71BA680073D21D /* My_FriendsTests.m */; };
		ECE6C37C1A71BB380073D21D /* Bolts.framework in Frameworks */ = {isa = PBXBuildFile; fileRef = ECE6C3771A71BB380073D21D /* Bolts.framework */; };
		ECE6C37D1A71BB380073D21D /* Parse.framework in Frameworks */ = {isa = PBXBuildFile; fileRef = ECE6C3781A71BB380073D21D /* Parse.framework */; };
		ECE6C37E1A71BB380073D21D /* ParseCrashReporting.framework in Frameworks */ = {isa = PBXBuildFile; fileRef = ECE6C3791A71BB380073D21D /* ParseCrashReporting.framework */; };
		ECE6C37F1A71BB380073D21D /* ParseFacebookUtils.framework in Frameworks */ = {isa = PBXBuildFile; fileRef = ECE6C37A1A71BB380073D21D /* ParseFacebookUtils.framework */; };
		ECE6C3801A71BB380073D21D /* ParseUI.framework in Frameworks */ = {isa = PBXBuildFile; fileRef = ECE6C37B1A71BB380073D21D /* ParseUI.framework */; };
		ECE6C3871A71BB8E0073D21D /* AudioToolbox.framework in Frameworks */ = {isa = PBXBuildFile; fileRef = ECE6C3811A71BB8D0073D21D /* AudioToolbox.framework */; };
		ECE6C3881A71BB8E0073D21D /* CFNetwork.framework in Frameworks */ = {isa = PBXBuildFile; fileRef = ECE6C3821A71BB8D0073D21D /* CFNetwork.framework */; };
		ECE6C3891A71BB8E0073D21D /* MobileCoreServices.framework in Frameworks */ = {isa = PBXBuildFile; fileRef = ECE6C3831A71BB8D0073D21D /* MobileCoreServices.framework */; };
		ECE6C38A1A71BB8E0073D21D /* Security.framework in Frameworks */ = {isa = PBXBuildFile; fileRef = ECE6C3841A71BB8D0073D21D /* Security.framework */; };
		ECE6C38B1A71BB8E0073D21D /* StoreKit.framework in Frameworks */ = {isa = PBXBuildFile; fileRef = ECE6C3851A71BB8D0073D21D /* StoreKit.framework */; };
		ECE6C38C1A71BB8E0073D21D /* SystemConfiguration.framework in Frameworks */ = {isa = PBXBuildFile; fileRef = ECE6C3861A71BB8E0073D21D /* SystemConfiguration.framework */; };
		ECE6C38F1A71BBA10073D21D /* libsqlite3.dylib in Frameworks */ = {isa = PBXBuildFile; fileRef = ECE6C38D1A71BBA10073D21D /* libsqlite3.dylib */; };
		ECE6C3901A71BBA10073D21D /* libz.dylib in Frameworks */ = {isa = PBXBuildFile; fileRef = ECE6C38E1A71BBA10073D21D /* libz.dylib */; };
		ECE6C3931A71BC8B0073D21D /* FriendsTVC.m in Sources */ = {isa = PBXBuildFile; fileRef = ECE6C3921A71BC8B0073D21D /* FriendsTVC.m */; };
		ECE6C3961A71BCA60073D21D /* UsersTVC.m in Sources */ = {isa = PBXBuildFile; fileRef = ECE6C3951A71BCA60073D21D /* UsersTVC.m */; };
/* End PBXBuildFile section */

/* Begin PBXContainerItemProxy section */
		ECE6C3671A71BA680073D21D /* PBXContainerItemProxy */ = {
			isa = PBXContainerItemProxy;
			containerPortal = ECE6C3451A71BA680073D21D /* Project object */;
			proxyType = 1;
			remoteGlobalIDString = ECE6C34C1A71BA680073D21D;
			remoteInfo = "My Friends";
		};
/* End PBXContainerItemProxy section */

/* Begin PBXFileReference section */
		EC4FD2DC1A75DF38001A33FD /* LoginVC.h */ = {isa = PBXFileReference; fileEncoding = 4; lastKnownFileType = sourcecode.c.h; path = LoginVC.h; sourceTree = "<group>"; };
		EC4FD2DD1A75DF38001A33FD /* LoginVC.m */ = {isa = PBXFileReference; fileEncoding = 4; lastKnownFileType = sourcecode.c.objc; path = LoginVC.m; sourceTree = "<group>"; };
		ECE6C34D1A71BA680073D21D /* My Friends.app */ = {isa = PBXFileReference; explicitFileType = wrapper.application; includeInIndex = 0; path = "My Friends.app"; sourceTree = BUILT_PRODUCTS_DIR; };
		ECE6C3511A71BA680073D21D /* Info.plist */ = {isa = PBXFileReference; lastKnownFileType = text.plist.xml; path = Info.plist; sourceTree = "<group>"; };
		ECE6C3521A71BA680073D21D /* main.m */ = {isa = PBXFileReference; lastKnownFileType = sourcecode.c.objc; path = main.m; sourceTree = "<group>"; };
		ECE6C3541A71BA680073D21D /* AppDelegate.h */ = {isa = PBXFileReference; lastKnownFileType = sourcecode.c.h; path = AppDelegate.h; sourceTree = "<group>"; };
		ECE6C3551A71BA680073D21D /* AppDelegate.m */ = {isa = PBXFileReference; lastKnownFileType = sourcecode.c.objc; path = AppDelegate.m; sourceTree = "<group>"; };
		ECE6C35B1A71BA680073D21D /* Base */ = {isa = PBXFileReference; lastKnownFileType = file.storyboard; name = Base; path = Base.lproj/Main.storyboard; sourceTree = "<group>"; };
		ECE6C35D1A71BA680073D21D /* Images.xcassets */ = {isa = PBXFileReference; lastKnownFileType = folder.assetcatalog; path = Images.xcassets; sourceTree = "<group>"; };
		ECE6C3601A71BA680073D21D /* Base */ = {isa = PBXFileReference; lastKnownFileType = file.xib; name = Base; path = Base.lproj/LaunchScreen.xib; sourceTree = "<group>"; };
		ECE6C3661A71BA680073D21D /* My FriendsTests.xctest */ = {isa = PBXFileReference; explicitFileType = wrapper.cfbundle; includeInIndex = 0; path = "My FriendsTests.xctest"; sourceTree = BUILT_PRODUCTS_DIR; };
		ECE6C36B1A71BA680073D21D /* Info.plist */ = {isa = PBXFileReference; lastKnownFileType = text.plist.xml; path = Info.plist; sourceTree = "<group>"; };
		ECE6C36C1A71BA680073D21D /* My_FriendsTests.m */ = {isa = PBXFileReference; lastKnownFileType = sourcecode.c.objc; path = My_FriendsTests.m; sourceTree = "<group>"; };
		ECE6C3771A71BB380073D21D /* Bolts.framework */ = {isa = PBXFileReference; lastKnownFileType = wrapper.framework; path = Bolts.framework; sourceTree = "<group>"; };
		ECE6C3781A71BB380073D21D /* Parse.framework */ = {isa = PBXFileReference; lastKnownFileType = wrapper.framework; path = Parse.framework; sourceTree = "<group>"; };
		ECE6C3791A71BB380073D21D /* ParseCrashReporting.framework */ = {isa = PBXFileReference; lastKnownFileType = wrapper.framework; path = ParseCrashReporting.framework; sourceTree = "<group>"; };
		ECE6C37A1A71BB380073D21D /* ParseFacebookUtils.framework */ = {isa = PBXFileReference; lastKnownFileType = wrapper.framework; path = ParseFacebookUtils.framework; sourceTree = "<group>"; };
		ECE6C37B1A71BB380073D21D /* ParseUI.framework */ = {isa = PBXFileReference; lastKnownFileType = wrapper.framework; path = ParseUI.framework; sourceTree = "<group>"; };
		ECE6C3811A71BB8D0073D21D /* AudioToolbox.framework */ = {isa = PBXFileReference; lastKnownFileType = wrapper.framework; name = AudioToolbox.framework; path = System/Library/Frameworks/AudioToolbox.framework; sourceTree = SDKROOT; };
		ECE6C3821A71BB8D0073D21D /* CFNetwork.framework */ = {isa = PBXFileReference; lastKnownFileType = wrapper.framework; name = CFNetwork.framework; path = System/Library/Frameworks/CFNetwork.framework; sourceTree = SDKROOT; };
		ECE6C3831A71BB8D0073D21D /* MobileCoreServices.framework */ = {isa = PBXFileReference; lastKnownFileType = wrapper.framework; name = MobileCoreServices.framework; path = System/Library/Frameworks/MobileCoreServices.framework; sourceTree = SDKROOT; };
		ECE6C3841A71BB8D0073D21D /* Security.framework */ = {isa = PBXFileReference; lastKnownFileType = wrapper.framework; name = Security.framework; path = System/Library/Frameworks/Security.framework; sourceTree = SDKROOT; };
		ECE6C3851A71BB8D0073D21D /* StoreKit.framework */ = {isa = PBXFileReference; lastKnownFileType = wrapper.framework; name = StoreKit.framework; path = System/Library/Frameworks/StoreKit.framework; sourceTree = SDKROOT; };
		ECE6C3861A71BB8E0073D21D /* SystemConfiguration.framework */ = {isa = PBXFileReference; lastKnownFileType = wrapper.framework; name = SystemConfiguration.framework; path = System/Library/Frameworks/SystemConfiguration.framework; sourceTree = SDKROOT; };
		ECE6C38D1A71BBA10073D21D /* libsqlite3.dylib */ = {isa = PBXFileReference; lastKnownFileType = "compiled.mach-o.dylib"; name = libsqlite3.dylib; path = usr/lib/libsqlite3.dylib; sourceTree = SDKROOT; };
		ECE6C38E1A71BBA10073D21D /* libz.dylib */ = {isa = PBXFileReference; lastKnownFileType = "compiled.mach-o.dylib"; name = libz.dylib; path = usr/lib/libz.dylib; sourceTree = SDKROOT; };
		ECE6C3911A71BC8B0073D21D /* FriendsTVC.h */ = {isa = PBXFileReference; fileEncoding = 4; lastKnownFileType = sourcecode.c.h; path = FriendsTVC.h; sourceTree = "<group>"; };
		ECE6C3921A71BC8B0073D21D /* FriendsTVC.m */ = {isa = PBXFileReference; fileEncoding = 4; lastKnownFileType = sourcecode.c.objc; path = FriendsTVC.m; sourceTree = "<group>"; };
		ECE6C3941A71BCA60073D21D /* UsersTVC.h */ = {isa = PBXFileReference; fileEncoding = 4; lastKnownFileType = sourcecode.c.h; path = UsersTVC.h; sourceTree = "<group>"; };
		ECE6C3951A71BCA60073D21D /* UsersTVC.m */ = {isa = PBXFileReference; fileEncoding = 4; lastKnownFileType = sourcecode.c.objc; path = UsersTVC.m; sourceTree = "<group>"; };
/* End PBXFileReference section */

/* Begin PBXFrameworksBuildPhase section */
		ECE6C34A1A71BA680073D21D /* Frameworks */ = {
			isa = PBXFrameworksBuildPhase;
			buildActionMask = 2147483647;
			files = (
				ECE6C38F1A71BBA10073D21D /* libsqlite3.dylib in Frameworks */,
				ECE6C3901A71BBA10073D21D /* libz.dylib in Frameworks */,
				ECE6C3871A71BB8E0073D21D /* AudioToolbox.framework in Frameworks */,
				ECE6C3881A71BB8E0073D21D /* CFNetwork.framework in Frameworks */,
				ECE6C3891A71BB8E0073D21D /* MobileCoreServices.framework in Frameworks */,
				ECE6C38A1A71BB8E0073D21D /* Security.framework in Frameworks */,
				ECE6C38B1A71BB8E0073D21D /* StoreKit.framework in Frameworks */,
				ECE6C38C1A71BB8E0073D21D /* SystemConfiguration.framework in Frameworks */,
				ECE6C37D1A71BB380073D21D /* Parse.framework in Frameworks */,
				ECE6C37E1A71BB380073D21D /* ParseCrashReporting.framework in Frameworks */,
				ECE6C3801A71BB380073D21D /* ParseUI.framework in Frameworks */,
				ECE6C37F1A71BB380073D21D /* ParseFacebookUtils.framework in Frameworks */,
				ECE6C37C1A71BB380073D21D /* Bolts.framework in Frameworks */,
			);
			runOnlyForDeploymentPostprocessing = 0;
		};
		ECE6C3631A71BA680073D21D /* Frameworks */ = {
			isa = PBXFrameworksBuildPhase;
			buildActionMask = 2147483647;
			files = (
			);
			runOnlyForDeploymentPostprocessing = 0;
		};
/* End PBXFrameworksBuildPhase section */

/* Begin PBXGroup section */
		ECE6C3441A71BA680073D21D = {
			isa = PBXGroup;
			children = (
				ECE6C34F1A71BA680073D21D /* My Friends */,
				ECE6C3691A71BA680073D21D /* My FriendsTests */,
				ECE6C34E1A71BA680073D21D /* Products */,
				ECE6C3761A71BB1F0073D21D /* Frameworks */,
			);
			sourceTree = "<group>";
		};
		ECE6C34E1A71BA680073D21D /* Products */ = {
			isa = PBXGroup;
			children = (
				ECE6C34D1A71BA680073D21D /* My Friends.app */,
				ECE6C3661A71BA680073D21D /* My FriendsTests.xctest */,
			);
			name = Products;
			sourceTree = "<group>";
		};
		ECE6C34F1A71BA680073D21D /* My Friends */ = {
			isa = PBXGroup;
			children = (
				ECE6C3541A71BA680073D21D /* AppDelegate.h */,
				ECE6C3551A71BA680073D21D /* AppDelegate.m */,
				EC4FD2DC1A75DF38001A33FD /* LoginVC.h */,
				EC4FD2DD1A75DF38001A33FD /* LoginVC.m */,
				ECE6C3911A71BC8B0073D21D /* FriendsTVC.h */,
				ECE6C3921A71BC8B0073D21D /* FriendsTVC.m */,
				ECE6C3941A71BCA60073D21D /* UsersTVC.h */,
				ECE6C3951A71BCA60073D21D /* UsersTVC.m */,
				ECE6C35A1A71BA680073D21D /* Main.storyboard */,
				ECE6C35D1A71BA680073D21D /* Images.xcassets */,
				ECE6C35F1A71BA680073D21D /* LaunchScreen.xib */,
				ECE6C3501A71BA680073D21D /* Supporting Files */,
			);
			path = "My Friends";
			sourceTree = "<group>";
		};
		ECE6C3501A71BA680073D21D /* Supporting Files */ = {
			isa = PBXGroup;
			children = (
				ECE6C3511A71BA680073D21D /* Info.plist */,
				ECE6C3521A71BA680073D21D /* main.m */,
			);
			name = "Supporting Files";
			sourceTree = "<group>";
		};
		ECE6C3691A71BA680073D21D /* My FriendsTests */ = {
			isa = PBXGroup;
			children = (
				ECE6C36C1A71BA680073D21D /* My_FriendsTests.m */,
				ECE6C36A1A71BA680073D21D /* Supporting Files */,
			);
			path = "My FriendsTests";
			sourceTree = "<group>";
		};
		ECE6C36A1A71BA680073D21D /* Supporting Files */ = {
			isa = PBXGroup;
			children = (
				ECE6C36B1A71BA680073D21D /* Info.plist */,
			);
			name = "Supporting Files";
			sourceTree = "<group>";
		};
		ECE6C3761A71BB1F0073D21D /* Frameworks */ = {
			isa = PBXGroup;
			children = (
				ECE6C38D1A71BBA10073D21D /* libsqlite3.dylib */,
				ECE6C38E1A71BBA10073D21D /* libz.dylib */,
				ECE6C3811A71BB8D0073D21D /* AudioToolbox.framework */,
				ECE6C3821A71BB8D0073D21D /* CFNetwork.framework */,
				ECE6C3831A71BB8D0073D21D /* MobileCoreServices.framework */,
				ECE6C3841A71BB8D0073D21D /* Security.framework */,
				ECE6C3851A71BB8D0073D21D /* StoreKit.framework */,
				ECE6C3861A71BB8E0073D21D /* SystemConfiguration.framework */,
				ECE6C3771A71BB380073D21D /* Bolts.framework */,
				ECE6C3781A71BB380073D21D /* Parse.framework */,
				ECE6C3791A71BB380073D21D /* ParseCrashReporting.framework */,
				ECE6C37A1A71BB380073D21D /* ParseFacebookUtils.framework */,
				ECE6C37B1A71BB380073D21D /* ParseUI.framework */,
			);
			name = Frameworks;
			sourceTree = "<group>";
		};
/* End PBXGroup section */

/* Begin PBXNativeTarget section */
		ECE6C34C1A71BA680073D21D /* My Friends */ = {
			isa = PBXNativeTarget;
			buildConfigurationList = ECE6C3701A71BA680073D21D /* Build configuration list for PBXNativeTarget "My Friends" */;
			buildPhases = (
				ECE6C3491A71BA680073D21D /* Sources */,
				ECE6C34A1A71BA680073D21D /* Frameworks */,
				ECE6C34B1A71BA680073D21D /* Resources */,
			);
			buildRules = (
			);
			dependencies = (
			);
			name = "My Friends";
			productName = "My Friends";
			productReference = ECE6C34D1A71BA680073D21D /* My Friends.app */;
			productType = "com.apple.product-type.application";
		};
		ECE6C3651A71BA680073D21D /* My FriendsTests */ = {
			isa = PBXNativeTarget;
			buildConfigurationList = ECE6C3731A71BA680073D21D /* Build configuration list for PBXNativeTarget "My FriendsTests" */;
			buildPhases = (
				ECE6C3621A71BA680073D21D /* Sources */,
				ECE6C3631A71BA680073D21D /* Frameworks */,
				ECE6C3641A71BA680073D21D /* Resources */,
			);
			buildRules = (
			);
			dependencies = (
				ECE6C3681A71BA680073D21D /* PBXTargetDependency */,
			);
			name = "My FriendsTests";
			productName = "My FriendsTests";
			productReference = ECE6C3661A71BA680073D21D /* My FriendsTests.xctest */;
			productType = "com.apple.product-type.bundle.unit-test";
		};
/* End PBXNativeTarget section */

/* Begin PBXProject section */
		ECE6C3451A71BA680073D21D /* Project object */ = {
			isa = PBXProject;
			attributes = {
				LastUpgradeCheck = 0610;
				ORGANIZATIONNAME = "Proximity Viz LLC";
				TargetAttributes = {
					ECE6C34C1A71BA680073D21D = {
						CreatedOnToolsVersion = 6.1.1;
					};
					ECE6C3651A71BA680073D21D = {
						CreatedOnToolsVersion = 6.1.1;
						TestTargetID = ECE6C34C1A71BA680073D21D;
					};
				};
			};
			buildConfigurationList = ECE6C3481A71BA680073D21D /* Build configuration list for PBXProject "My Friends" */;
			compatibilityVersion = "Xcode 3.2";
			developmentRegion = English;
			hasScannedForEncodings = 0;
			knownRegions = (
				en,
				Base,
			);
			mainGroup = ECE6C3441A71BA680073D21D;
			productRefGroup = ECE6C34E1A71BA680073D21D /* Products */;
			projectDirPath = "";
			projectRoot = "";
			targets = (
				ECE6C34C1A71BA680073D21D /* My Friends */,
				ECE6C3651A71BA680073D21D /* My FriendsTests */,
			);
		};
/* End PBXProject section */

/* Begin PBXResourcesBuildPhase section */
		ECE6C34B1A71BA680073D21D /* Resources */ = {
			isa = PBXResourcesBuildPhase;
			buildActionMask = 2147483647;
			files = (
				ECE6C35C1A71BA680073D21D /* Main.storyboard in Resources */,
				ECE6C3611A71BA680073D21D /* LaunchScreen.xib in Resources */,
				ECE6C35E1A71BA680073D21D /* Images.xcassets in Resources */,
			);
			runOnlyForDeploymentPostprocessing = 0;
		};
		ECE6C3641A71BA680073D21D /* Resources */ = {
			isa = PBXResourcesBuildPhase;
			buildActionMask = 2147483647;
			files = (
			);
			runOnlyForDeploymentPostprocessing = 0;
		};
/* End PBXResourcesBuildPhase section */

/* Begin PBXSourcesBuildPhase section */
		ECE6C3491A71BA680073D21D /* Sources */ = {
			isa = PBXSourcesBuildPhase;
			buildActionMask = 2147483647;
			files = (
				ECE6C3961A71BCA60073D21D /* UsersTVC.m in Sources */,
				ECE6C3561A71BA680073D21D /* AppDelegate.m in Sources */,
				EC4FD2DE1A75DF38001A33FD /* LoginVC.m in Sources */,
				ECE6C3931A71BC8B0073D21D /* FriendsTVC.m in Sources */,
				ECE6C3531A71BA680073D21D /* main.m in Sources */,
			);
			runOnlyForDeploymentPostprocessing = 0;
		};
		ECE6C3621A71BA680073D21D /* Sources */ = {
			isa = PBXSourcesBuildPhase;
			buildActionMask = 2147483647;
			files = (
				ECE6C36D1A71BA680073D21D /* My_FriendsTests.m in Sources */,
			);
			runOnlyForDeploymentPostprocessing = 0;
		};
/* End PBXSourcesBuildPhase section */

/* Begin PBXTargetDependency section */
		ECE6C3681A71BA680073D21D /* PBXTargetDependency */ = {
			isa = PBXTargetDependency;
			target = ECE6C34C1A71BA680073D21D /* My Friends */;
			targetProxy = ECE6C3671A71BA680073D21D /* PBXContainerItemProxy */;
		};
/* End PBXTargetDependency section */

/* Begin PBXVariantGroup section */
		ECE6C35A1A71BA680073D21D /* Main.storyboard */ = {
			isa = PBXVariantGroup;
			children = (
				ECE6C35B1A71BA680073D21D /* Base */,
			);
			name = Main.storyboard;
			sourceTree = "<group>";
		};
		ECE6C35F1A71BA680073D21D /* LaunchScreen.xib */ = {
			isa = PBXVariantGroup;
			children = (
				ECE6C3601A71BA680073D21D /* Base */,
			);
			name = LaunchScreen.xib;
			sourceTree = "<group>";
		};
/* End PBXVariantGroup section */

/* Begin XCBuildConfiguration section */
		ECE6C36E1A71BA680073D21D /* Debug */ = {
			isa = XCBuildConfiguration;
			buildSettings = {
				ALWAYS_SEARCH_USER_PATHS = NO;
				CLANG_CXX_LANGUAGE_STANDARD = "gnu++0x";
				CLANG_CXX_LIBRARY = "libc++";
				CLANG_ENABLE_MODULES = YES;
				CLANG_ENABLE_OBJC_ARC = YES;
				CLANG_WARN_BOOL_CONVERSION = YES;
				CLANG_WARN_CONSTANT_CONVERSION = YES;
				CLANG_WARN_DIRECT_OBJC_ISA_USAGE = YES_ERROR;
				CLANG_WARN_EMPTY_BODY = YES;
				CLANG_WARN_ENUM_CONVERSION = YES;
				CLANG_WARN_INT_CONVERSION = YES;
				CLANG_WARN_OBJC_ROOT_CLASS = YES_ERROR;
				CLANG_WARN_UNREACHABLE_CODE = YES;
				CLANG_WARN__DUPLICATE_METHOD_MATCH = YES;
				"CODE_SIGN_IDENTITY[sdk=iphoneos*]" = "iPhone Developer";
				COPY_PHASE_STRIP = NO;
				ENABLE_STRICT_OBJC_MSGSEND = YES;
				GCC_C_LANGUAGE_STANDARD = gnu99;
				GCC_DYNAMIC_NO_PIC = NO;
				GCC_OPTIMIZATION_LEVEL = 0;
				GCC_PREPROCESSOR_DEFINITIONS = (
					"DEBUG=1",
					"$(inherited)",
				);
				GCC_SYMBOLS_PRIVATE_EXTERN = NO;
				GCC_WARN_64_TO_32_BIT_CONVERSION = YES;
				GCC_WARN_ABOUT_RETURN_TYPE = YES_ERROR;
				GCC_WARN_UNDECLARED_SELECTOR = YES;
				GCC_WARN_UNINITIALIZED_AUTOS = YES_AGGRESSIVE;
				GCC_WARN_UNUSED_FUNCTION = YES;
				GCC_WARN_UNUSED_VARIABLE = YES;
				IPHONEOS_DEPLOYMENT_TARGET = 8.1;
				MTL_ENABLE_DEBUG_INFO = YES;
				ONLY_ACTIVE_ARCH = YES;
				SDKROOT = iphoneos;
			};
			name = Debug;
		};
		ECE6C36F1A71BA680073D21D /* Release */ = {
			isa = XCBuildConfiguration;
			buildSettings = {
				ALWAYS_SEARCH_USER_PATHS = NO;
				CLANG_CXX_LANGUAGE_STANDARD = "gnu++0x";
				CLANG_CXX_LIBRARY = "libc++";
				CLANG_ENABLE_MODULES = YES;
				CLANG_ENABLE_OBJC_ARC = YES;
				CLANG_WARN_BOOL_CONVERSION = YES;
				CLANG_WARN_CONSTANT_CONVERSION = YES;
				CLANG_WARN_DIRECT_OBJC_ISA_USAGE = YES_ERROR;
				CLANG_WARN_EMPTY_BODY = YES;
				CLANG_WARN_ENUM_CONVERSION = YES;
				CLANG_WARN_INT_CONVERSION = YES;
				CLANG_WARN_OBJC_ROOT_CLASS = YES_ERROR;
				CLANG_WARN_UNREACHABLE_CODE = YES;
				CLANG_WARN__DUPLICATE_METHOD_MATCH = YES;
				"CODE_SIGN_IDENTITY[sdk=iphoneos*]" = "iPhone Developer";
				COPY_PHASE_STRIP = YES;
				ENABLE_NS_ASSERTIONS = NO;
				ENABLE_STRICT_OBJC_MSGSEND = YES;
				GCC_C_LANGUAGE_STANDARD = gnu99;
				GCC_WARN_64_TO_32_BIT_CONVERSION = YES;
				GCC_WARN_ABOUT_RETURN_TYPE = YES_ERROR;
				GCC_WARN_UNDECLARED_SELECTOR = YES;
				GCC_WARN_UNINITIALIZED_AUTOS = YES_AGGRESSIVE;
				GCC_WARN_UNUSED_FUNCTION = YES;
				GCC_WARN_UNUSED_VARIABLE = YES;
				IPHONEOS_DEPLOYMENT_TARGET = 8.1;
				MTL_ENABLE_DEBUG_INFO = NO;
				SDKROOT = iphoneos;
				VALIDATE_PRODUCT = YES;
			};
			name = Release;
		};
		ECE6C3711A71BA680073D21D /* Debug */ = {
			isa = XCBuildConfiguration;
			buildSettings = {
				ASSETCATALOG_COMPILER_APPICON_NAME = AppIcon;
				FRAMEWORK_SEARCH_PATHS = (
					"$(inherited)",
					"$(PROJECT_DIR)",
				);
				INFOPLIST_FILE = "My Friends/Info.plist";
				LD_RUNPATH_SEARCH_PATHS = "$(inherited) @executable_path/Frameworks";
				PRODUCT_NAME = "$(TARGET_NAME)";
			};
			name = Debug;
		};
		ECE6C3721A71BA680073D21D /* Release */ = {
			isa = XCBuildConfiguration;
			buildSettings = {
				ASSETCATALOG_COMPILER_APPICON_NAME = AppIcon;
				FRAMEWORK_SEARCH_PATHS = (
					"$(inherited)",
					"$(PROJECT_DIR)",
				);
				INFOPLIST_FILE = "My Friends/Info.plist";
				LD_RUNPATH_SEARCH_PATHS = "$(inherited) @executable_path/Frameworks";
				PRODUCT_NAME = "$(TARGET_NAME)";
			};
			name = Release;
		};
		ECE6C3741A71BA680073D21D /* Debug */ = {
			isa = XCBuildConfiguration;
			buildSettings = {
				BUNDLE_LOADER = "$(TEST_HOST)";
				FRAMEWORK_SEARCH_PATHS = (
					"$(SDKROOT)/Developer/Library/Frameworks",
					"$(inherited)",
				);
				GCC_PREPROCESSOR_DEFINITIONS = (
					"DEBUG=1",
					"$(inherited)",
				);
				INFOPLIST_FILE = "My FriendsTests/Info.plist";
				LD_RUNPATH_SEARCH_PATHS = "$(inherited) @executable_path/Frameworks @loader_path/Frameworks";
				PRODUCT_NAME = "$(TARGET_NAME)";
				TEST_HOST = "$(BUILT_PRODUCTS_DIR)/My Friends.app/My Friends";
			};
			name = Debug;
		};
		ECE6C3751A71BA680073D21D /* Release */ = {
			isa = XCBuildConfiguration;
			buildSettings = {
				BUNDLE_LOADER = "$(TEST_HOST)";
				FRAMEWORK_SEARCH_PATHS = (
					"$(SDKROOT)/Developer/Library/Frameworks",
					"$(inherited)",
				);
				INFOPLIST_FILE = "My FriendsTests/Info.plist";
				LD_RUNPATH_SEARCH_PATHS = "$(inherited) @executable_path/Frameworks @loader_path/Frameworks";
				PRODUCT_NAME = "$(TARGET_NAME)";
				TEST_HOST = "$(BUILT_PRODUCTS_DIR)/My Friends.app/My Friends";
			};
			name = Release;
		};
/* End XCBuildConfiguration section */

/* Begin XCConfigurationList section */
		ECE6C3481A71BA680073D21D /* Build configuration list for PBXProject "My Friends" */ = {
			isa = XCConfigurationList;
			buildConfigurations = (
				ECE6C36E1A71BA680073D21D /* Debug */,
				ECE6C36F1A71BA680073D21D /* Release */,
			);
			defaultConfigurationIsVisible = 0;
			defaultConfigurationName = Release;
		};
		ECE6C3701A71BA680073D21D /* Build configuration list for PBXNativeTarget "My Friends" */ = {
			isa = XCConfigurationList;
			buildConfigurations = (
				ECE6C3711A71BA680073D21D /* Debug */,
				ECE6C3721A71BA680073D21D /* Release */,
			);
			defaultConfigurationIsVisible = 0;
			defaultConfigurationName = Release;
		};
		ECE6C3731A71BA680073D21D /* Build configuration list for PBXNativeTarget "My FriendsTests" */ = {
			isa = XCConfigurationList;
			buildConfigurations = (
				ECE6C3741A71BA680073D21D /* Debug */,
				ECE6C3751A71BA680073D21D /* Release */,
			);
			defaultConfigurationIsVisible = 0;
			defaultConfigurationName = Release;
		};
/* End XCConfigurationList section */
	};
	rootObject = ECE6C3451A71BA680073D21D /* Project object */;
}
