// !$*UTF8*$!
{
	archiveVersion = 1;
	classes = {
	};
	objectVersion = 46;
	objects = {

/* Begin PBXBuildFile section */
		EC1DA8E71A6417D8007A15D8 /* main.m in Sources */ = {isa = PBXBuildFile; fileRef = EC1DA8E61A6417D8007A15D8 /* main.m */; };
		EC1DA8EA1A6417D8007A15D8 /* AppDelegate.m in Sources */ = {isa = PBXBuildFile; fileRef = EC1DA8E91A6417D8007A15D8 /* AppDelegate.m */; };
		EC1DA8ED1A6417D8007A15D8 /* ViewController.m in Sources */ = {isa = PBXBuildFile; fileRef = EC1DA8EC1A6417D8007A15D8 /* ViewController.m */; };
		EC1DA8F01A6417D8007A15D8 /* Main.storyboard in Resources */ = {isa = PBXBuildFile; fileRef = EC1DA8EE1A6417D8007A15D8 /* Main.storyboard */; };
		EC1DA8F21A6417D8007A15D8 /* Images.xcassets in Resources */ = {isa = PBXBuildFile; fileRef = EC1DA8F11A6417D8007A15D8 /* Images.xcassets */; };
		EC1DA8F51A6417D8007A15D8 /* LaunchScreen.xib in Resources */ = {isa = PBXBuildFile; fileRef = EC1DA8F31A6417D8007A15D8 /* LaunchScreen.xib */; };
		EC1DA9011A6417D8007A15D8 /* TicTacToeTests.m in Sources */ = {isa = PBXBuildFile; fileRef = EC1DA9001A6417D8007A15D8 /* TicTacToeTests.m */; };
/* End PBXBuildFile section */

/* Begin PBXContainerItemProxy section */
		EC1DA8FB1A6417D8007A15D8 /* PBXContainerItemProxy */ = {
			isa = PBXContainerItemProxy;
			containerPortal = EC1DA8D91A6417D8007A15D8 /* Project object */;
			proxyType = 1;
			remoteGlobalIDString = EC1DA8E01A6417D8007A15D8;
			remoteInfo = TicTacToe;
		};
/* End PBXContainerItemProxy section */

/* Begin PBXFileReference section */
		EC1DA8E11A6417D8007A15D8 /* TicTacToe.app */ = {isa = PBXFileReference; explicitFileType = wrapper.application; includeInIndex = 0; path = TicTacToe.app; sourceTree = BUILT_PRODUCTS_DIR; };
		EC1DA8E51A6417D8007A15D8 /* Info.plist */ = {isa = PBXFileReference; lastKnownFileType = text.plist.xml; path = Info.plist; sourceTree = "<group>"; };
		EC1DA8E61A6417D8007A15D8 /* main.m */ = {isa = PBXFileReference; lastKnownFileType = sourcecode.c.objc; path = main.m; sourceTree = "<group>"; };
		EC1DA8E81A6417D8007A15D8 /* AppDelegate.h */ = {isa = PBXFileReference; lastKnownFileType = sourcecode.c.h; path = AppDelegate.h; sourceTree = "<group>"; };
		EC1DA8E91A6417D8007A15D8 /* AppDelegate.m */ = {isa = PBXFileReference; lastKnownFileType = sourcecode.c.objc; path = AppDelegate.m; sourceTree = "<group>"; };
		EC1DA8EB1A6417D8007A15D8 /* ViewController.h */ = {isa = PBXFileReference; lastKnownFileType = sourcecode.c.h; path = ViewController.h; sourceTree = "<group>"; };
		EC1DA8EC1A6417D8007A15D8 /* ViewController.m */ = {isa = PBXFileReference; lastKnownFileType = sourcecode.c.objc; path = ViewController.m; sourceTree = "<group>"; };
		EC1DA8EF1A6417D8007A15D8 /* Base */ = {isa = PBXFileReference; lastKnownFileType = file.storyboard; name = Base; path = Base.lproj/Main.storyboard; sourceTree = "<group>"; };
		EC1DA8F11A6417D8007A15D8 /* Images.xcassets */ = {isa = PBXFileReference; lastKnownFileType = folder.assetcatalog; path = Images.xcassets; sourceTree = "<group>"; };
		EC1DA8F41A6417D8007A15D8 /* Base */ = {isa = PBXFileReference; lastKnownFileType = file.xib; name = Base; path = Base.lproj/LaunchScreen.xib; sourceTree = "<group>"; };
		EC1DA8FA1A6417D8007A15D8 /* TicTacToeTests.xctest */ = {isa = PBXFileReference; explicitFileType = wrapper.cfbundle; includeInIndex = 0; path = TicTacToeTests.xctest; sourceTree = BUILT_PRODUCTS_DIR; };
		EC1DA8FF1A6417D8007A15D8 /* Info.plist */ = {isa = PBXFileReference; lastKnownFileType = text.plist.xml; path = Info.plist; sourceTree = "<group>"; };
		EC1DA9001A6417D8007A15D8 /* TicTacToeTests.m */ = {isa = PBXFileReference; lastKnownFileType = sourcecode.c.objc; path = TicTacToeTests.m; sourceTree = "<group>"; };
/* End PBXFileReference section */

/* Begin PBXFrameworksBuildPhase section */
		EC1DA8DE1A6417D8007A15D8 /* Frameworks */ = {
			isa = PBXFrameworksBuildPhase;
			buildActionMask = 2147483647;
			files = (
			);
			runOnlyForDeploymentPostprocessing = 0;
		};
		EC1DA8F71A6417D8007A15D8 /* Frameworks */ = {
			isa = PBXFrameworksBuildPhase;
			buildActionMask = 2147483647;
			files = (
			);
			runOnlyForDeploymentPostprocessing = 0;
		};
/* End PBXFrameworksBuildPhase section */

/* Begin PBXGroup section */
		EC1DA8D81A6417D8007A15D8 = {
			isa = PBXGroup;
			children = (
				EC1DA8E31A6417D8007A15D8 /* TicTacToe */,
				EC1DA8FD1A6417D8007A15D8 /* TicTacToeTests */,
				EC1DA8E21A6417D8007A15D8 /* Products */,
			);
			sourceTree = "<group>";
		};
		EC1DA8E21A6417D8007A15D8 /* Products */ = {
			isa = PBXGroup;
			children = (
				EC1DA8E11A6417D8007A15D8 /* TicTacToe.app */,
				EC1DA8FA1A6417D8007A15D8 /* TicTacToeTests.xctest */,
			);
			name = Products;
			sourceTree = "<group>";
		};
		EC1DA8E31A6417D8007A15D8 /* TicTacToe */ = {
			isa = PBXGroup;
			children = (
				EC1DA8EB1A6417D8007A15D8 /* ViewController.h */,
				EC1DA8EC1A6417D8007A15D8 /* ViewController.m */,
				EC1DA8EE1A6417D8007A15D8 /* Main.storyboard */,
				EC1DA8E41A6417D8007A15D8 /* Supporting Files */,
			);
			path = TicTacToe;
			sourceTree = "<group>";
		};
		EC1DA8E41A6417D8007A15D8 /* Supporting Files */ = {
			isa = PBXGroup;
			children = (
				EC1DA8F11A6417D8007A15D8 /* Images.xcassets */,
				EC1DA8F31A6417D8007A15D8 /* LaunchScreen.xib */,
				EC1DA8E81A6417D8007A15D8 /* AppDelegate.h */,
				EC1DA8E91A6417D8007A15D8 /* AppDelegate.m */,
				EC1DA8E51A6417D8007A15D8 /* Info.plist */,
				EC1DA8E61A6417D8007A15D8 /* main.m */,
			);
			name = "Supporting Files";
			sourceTree = "<group>";
		};
		EC1DA8FD1A6417D8007A15D8 /* TicTacToeTests */ = {
			isa = PBXGroup;
			children = (
				EC1DA9001A6417D8007A15D8 /* TicTacToeTests.m */,
				EC1DA8FE1A6417D8007A15D8 /* Supporting Files */,
			);
			path = TicTacToeTests;
			sourceTree = "<group>";
		};
		EC1DA8FE1A6417D8007A15D8 /* Supporting Files */ = {
			isa = PBXGroup;
			children = (
				EC1DA8FF1A6417D8007A15D8 /* Info.plist */,
			);
			name = "Supporting Files";
			sourceTree = "<group>";
		};
/* End PBXGroup section */

/* Begin PBXNativeTarget section */
		EC1DA8E01A6417D8007A15D8 /* TicTacToe */ = {
			isa = PBXNativeTarget;
			buildConfigurationList = EC1DA9041A6417D8007A15D8 /* Build configuration list for PBXNativeTarget "TicTacToe" */;
			buildPhases = (
				EC1DA8DD1A6417D8007A15D8 /* Sources */,
				EC1DA8DE1A6417D8007A15D8 /* Frameworks */,
				EC1DA8DF1A6417D8007A15D8 /* Resources */,
			);
			buildRules = (
			);
			dependencies = (
			);
			name = TicTacToe;
			productName = TicTacToe;
			productReference = EC1DA8E11A6417D8007A15D8 /* TicTacToe.app */;
			productType = "com.apple.product-type.application";
		};
		EC1DA8F91A6417D8007A15D8 /* TicTacToeTests */ = {
			isa = PBXNativeTarget;
			buildConfigurationList = EC1DA9071A6417D8007A15D8 /* Build configuration list for PBXNativeTarget "TicTacToeTests" */;
			buildPhases = (
				EC1DA8F61A6417D8007A15D8 /* Sources */,
				EC1DA8F71A6417D8007A15D8 /* Frameworks */,
				EC1DA8F81A6417D8007A15D8 /* Resources */,
			);
			buildRules = (
			);
			dependencies = (
				EC1DA8FC1A6417D8007A15D8 /* PBXTargetDependency */,
			);
			name = TicTacToeTests;
			productName = TicTacToeTests;
			productReference = EC1DA8FA1A6417D8007A15D8 /* TicTacToeTests.xctest */;
			productType = "com.apple.product-type.bundle.unit-test";
		};
/* End PBXNativeTarget section */

/* Begin PBXProject section */
		EC1DA8D91A6417D8007A15D8 /* Project object */ = {
			isa = PBXProject;
			attributes = {
				LastUpgradeCheck = 0610;
				ORGANIZATIONNAME = "Proximity Viz LLC";
				TargetAttributes = {
					EC1DA8E01A6417D8007A15D8 = {
						CreatedOnToolsVersion = 6.1.1;
					};
					EC1DA8F91A6417D8007A15D8 = {
						CreatedOnToolsVersion = 6.1.1;
						TestTargetID = EC1DA8E01A6417D8007A15D8;
					};
				};
			};
			buildConfigurationList = EC1DA8DC1A6417D8007A15D8 /* Build configuration list for PBXProject "TicTacToe" */;
			compatibilityVersion = "Xcode 3.2";
			developmentRegion = English;
			hasScannedForEncodings = 0;
			knownRegions = (
				en,
				Base,
			);
			mainGroup = EC1DA8D81A6417D8007A15D8;
			productRefGroup = EC1DA8E21A6417D8007A15D8 /* Products */;
			projectDirPath = "";
			projectRoot = "";
			targets = (
				EC1DA8E01A6417D8007A15D8 /* TicTacToe */,
				EC1DA8F91A6417D8007A15D8 /* TicTacToeTests */,
			);
		};
/* End PBXProject section */

/* Begin PBXResourcesBuildPhase section */
		EC1DA8DF1A6417D8007A15D8 /* Resources */ = {
			isa = PBXResourcesBuildPhase;
			buildActionMask = 2147483647;
			files = (
				EC1DA8F01A6417D8007A15D8 /* Main.storyboard in Resources */,
				EC1DA8F51A6417D8007A15D8 /* LaunchScreen.xib in Resources */,
				EC1DA8F21A6417D8007A15D8 /* Images.xcassets in Resources */,
			);
			runOnlyForDeploymentPostprocessing = 0;
		};
		EC1DA8F81A6417D8007A15D8 /* Resources */ = {
			isa = PBXResourcesBuildPhase;
			buildActionMask = 2147483647;
			files = (
			);
			runOnlyForDeploymentPostprocessing = 0;
		};
/* End PBXResourcesBuildPhase section */

/* Begin PBXSourcesBuildPhase section */
		EC1DA8DD1A6417D8007A15D8 /* Sources */ = {
			isa = PBXSourcesBuildPhase;
			buildActionMask = 2147483647;
			files = (
				EC1DA8ED1A6417D8007A15D8 /* ViewController.m in Sources */,
				EC1DA8EA1A6417D8007A15D8 /* AppDelegate.m in Sources */,
				EC1DA8E71A6417D8007A15D8 /* main.m in Sources */,
			);
			runOnlyForDeploymentPostprocessing = 0;
		};
		EC1DA8F61A6417D8007A15D8 /* Sources */ = {
			isa = PBXSourcesBuildPhase;
			buildActionMask = 2147483647;
			files = (
				EC1DA9011A6417D8007A15D8 /* TicTacToeTests.m in Sources */,
			);
			runOnlyForDeploymentPostprocessing = 0;
		};
/* End PBXSourcesBuildPhase section */

/* Begin PBXTargetDependency section */
		EC1DA8FC1A6417D8007A15D8 /* PBXTargetDependency */ = {
			isa = PBXTargetDependency;
			target = EC1DA8E01A6417D8007A15D8 /* TicTacToe */;
			targetProxy = EC1DA8FB1A6417D8007A15D8 /* PBXContainerItemProxy */;
		};
/* End PBXTargetDependency section */

/* Begin PBXVariantGroup section */
		EC1DA8EE1A6417D8007A15D8 /* Main.storyboard */ = {
			isa = PBXVariantGroup;
			children = (
				EC1DA8EF1A6417D8007A15D8 /* Base */,
			);
			name = Main.storyboard;
			sourceTree = "<group>";
		};
		EC1DA8F31A6417D8007A15D8 /* LaunchScreen.xib */ = {
			isa = PBXVariantGroup;
			children = (
				EC1DA8F41A6417D8007A15D8 /* Base */,
			);
			name = LaunchScreen.xib;
			sourceTree = "<group>";
		};
/* End PBXVariantGroup section */

/* Begin XCBuildConfiguration section */
		EC1DA9021A6417D8007A15D8 /* Debug */ = {
			isa = XCBuildConfiguration;
			buildSettings = {
				ALWAYS_SEARCH_USER_PATHS = NO;
				CLANG_CXX_LANGUAGE_STANDARD = "gnu++0x";
				CLANG_CXX_LIBRARY = "libc++";
				CLANG_ENABLE_MODULES = YES;
				CLANG_ENABLE_OBJC_ARC = YES;
				CLANG_WARN_BOOL_CONVERSION = YES;
				CLANG_WARN_CONSTANT_CONVERSION = YES;
				CLANG_WARN_DIRECT_OBJC_ISA_USAGE = YES_ERROR;
				CLANG_WARN_EMPTY_BODY = YES;
				CLANG_WARN_ENUM_CONVERSION = YES;
				CLANG_WARN_INT_CONVERSION = YES;
				CLANG_WARN_OBJC_ROOT_CLASS = YES_ERROR;
				CLANG_WARN_UNREACHABLE_CODE = YES;
				CLANG_WARN__DUPLICATE_METHOD_MATCH = YES;
				"CODE_SIGN_IDENTITY[sdk=iphoneos*]" = "iPhone Developer";
				COPY_PHASE_STRIP = NO;
				ENABLE_STRICT_OBJC_MSGSEND = YES;
				GCC_C_LANGUAGE_STANDARD = gnu99;
				GCC_DYNAMIC_NO_PIC = NO;
				GCC_OPTIMIZATION_LEVEL = 0;
				GCC_PREPROCESSOR_DEFINITIONS = (
					"DEBUG=1",
					"$(inherited)",
				);
				GCC_SYMBOLS_PRIVATE_EXTERN = NO;
				GCC_WARN_64_TO_32_BIT_CONVERSION = YES;
				GCC_WARN_ABOUT_RETURN_TYPE = YES_ERROR;
				GCC_WARN_UNDECLARED_SELECTOR = YES;
				GCC_WARN_UNINITIALIZED_AUTOS = YES_AGGRESSIVE;
				GCC_WARN_UNUSED_FUNCTION = YES;
				GCC_WARN_UNUSED_VARIABLE = YES;
				IPHONEOS_DEPLOYMENT_TARGET = 8.1;
				MTL_ENABLE_DEBUG_INFO = YES;
				ONLY_ACTIVE_ARCH = YES;
				SDKROOT = iphoneos;
			};
			name = Debug;
		};
		EC1DA9031A6417D8007A15D8 /* Release */ = {
			isa = XCBuildConfiguration;
			buildSettings = {
				ALWAYS_SEARCH_USER_PATHS = NO;
				CLANG_CXX_LANGUAGE_STANDARD = "gnu++0x";
				CLANG_CXX_LIBRARY = "libc++";
				CLANG_ENABLE_MODULES = YES;
				CLANG_ENABLE_OBJC_ARC = YES;
				CLANG_WARN_BOOL_CONVERSION = YES;
				CLANG_WARN_CONSTANT_CONVERSION = YES;
				CLANG_WARN_DIRECT_OBJC_ISA_USAGE = YES_ERROR;
				CLANG_WARN_EMPTY_BODY = YES;
				CLANG_WARN_ENUM_CONVERSION = YES;
				CLANG_WARN_INT_CONVERSION = YES;
				CLANG_WARN_OBJC_ROOT_CLASS = YES_ERROR;
				CLANG_WARN_UNREACHABLE_CODE = YES;
				CLANG_WARN__DUPLICATE_METHOD_MATCH = YES;
				"CODE_SIGN_IDENTITY[sdk=iphoneos*]" = "iPhone Developer";
				COPY_PHASE_STRIP = YES;
				ENABLE_NS_ASSERTIONS = NO;
				ENABLE_STRICT_OBJC_MSGSEND = YES;
				GCC_C_LANGUAGE_STANDARD = gnu99;
				GCC_WARN_64_TO_32_BIT_CONVERSION = YES;
				GCC_WARN_ABOUT_RETURN_TYPE = YES_ERROR;
				GCC_WARN_UNDECLARED_SELECTOR = YES;
				GCC_WARN_UNINITIALIZED_AUTOS = YES_AGGRESSIVE;
				GCC_WARN_UNUSED_FUNCTION = YES;
				GCC_WARN_UNUSED_VARIABLE = YES;
				IPHONEOS_DEPLOYMENT_TARGET = 8.1;
				MTL_ENABLE_DEBUG_INFO = NO;
				SDKROOT = iphoneos;
				VALIDATE_PRODUCT = YES;
			};
			name = Release;
		};
		EC1DA9051A6417D8007A15D8 /* Debug */ = {
			isa = XCBuildConfiguration;
			buildSettings = {
				ASSETCATALOG_COMPILER_APPICON_NAME = AppIcon;
				INFOPLIST_FILE = TicTacToe/Info.plist;
				IPHONEOS_DEPLOYMENT_TARGET = 8.1;
				LD_RUNPATH_SEARCH_PATHS = "$(inherited) @executable_path/Frameworks";
				PRODUCT_NAME = "$(TARGET_NAME)";
			};
			name = Debug;
		};
		EC1DA9061A6417D8007A15D8 /* Release */ = {
			isa = XCBuildConfiguration;
			buildSettings = {
				ASSETCATALOG_COMPILER_APPICON_NAME = AppIcon;
				INFOPLIST_FILE = TicTacToe/Info.plist;
				IPHONEOS_DEPLOYMENT_TARGET = 8.1;
				LD_RUNPATH_SEARCH_PATHS = "$(inherited) @executable_path/Frameworks";
				PRODUCT_NAME = "$(TARGET_NAME)";
			};
			name = Release;
		};
		EC1DA9081A6417D8007A15D8 /* Debug */ = {
			isa = XCBuildConfiguration;
			buildSettings = {
				BUNDLE_LOADER = "$(TEST_HOST)";
				FRAMEWORK_SEARCH_PATHS = (
					"$(SDKROOT)/Developer/Library/Frameworks",
					"$(inherited)",
				);
				GCC_PREPROCESSOR_DEFINITIONS = (
					"DEBUG=1",
					"$(inherited)",
				);
				INFOPLIST_FILE = TicTacToeTests/Info.plist;
				LD_RUNPATH_SEARCH_PATHS = "$(inherited) @executable_path/Frameworks @loader_path/Frameworks";
				PRODUCT_NAME = "$(TARGET_NAME)";
				TEST_HOST = "$(BUILT_PRODUCTS_DIR)/TicTacToe.app/TicTacToe";
			};
			name = Debug;
		};
		EC1DA9091A6417D8007A15D8 /* Release */ = {
			isa = XCBuildConfiguration;
			buildSettings = {
				BUNDLE_LOADER = "$(TEST_HOST)";
				FRAMEWORK_SEARCH_PATHS = (
					"$(SDKROOT)/Developer/Library/Frameworks",
					"$(inherited)",
				);
				INFOPLIST_FILE = TicTacToeTests/Info.plist;
				LD_RUNPATH_SEARCH_PATHS = "$(inherited) @executable_path/Frameworks @loader_path/Frameworks";
				PRODUCT_NAME = "$(TARGET_NAME)";
				TEST_HOST = "$(BUILT_PRODUCTS_DIR)/TicTacToe.app/TicTacToe";
			};
			name = Release;
		};
/* End XCBuildConfiguration section */

/* Begin XCConfigurationList section */
		EC1DA8DC1A6417D8007A15D8 /* Build configuration list for PBXProject "TicTacToe" */ = {
			isa = XCConfigurationList;
			buildConfigurations = (
				EC1DA9021A6417D8007A15D8 /* Debug */,
				EC1DA9031A6417D8007A15D8 /* Release */,
			);
			defaultConfigurationIsVisible = 0;
			defaultConfigurationName = Release;
		};
		EC1DA9041A6417D8007A15D8 /* Build configuration list for PBXNativeTarget "TicTacToe" */ = {
			isa = XCConfigurationList;
			buildConfigurations = (
				EC1DA9051A6417D8007A15D8 /* Debug */,
				EC1DA9061A6417D8007A15D8 /* Release */,
			);
			defaultConfigurationIsVisible = 0;
		};
		EC1DA9071A6417D8007A15D8 /* Build configuration list for PBXNativeTarget "TicTacToeTests" */ = {
			isa = XCConfigurationList;
			buildConfigurations = (
				EC1DA9081A6417D8007A15D8 /* Debug */,
				EC1DA9091A6417D8007A15D8 /* Release */,
			);
			defaultConfigurationIsVisible = 0;
		};
/* End XCConfigurationList section */
	};
	rootObject = EC1DA8D91A6417D8007A15D8 /* Project object */;
}
