// !$*UTF8*$!
{
	archiveVersion = 1;
	classes = {
	};
	objectVersion = 46;
	objects = {

/* Begin PBXBuildFile section */
		ECA0CD6D1A5EC9DF004F6981 /* main.m in Sources */ = {isa = PBXBuildFile; fileRef = ECA0CD6C1A5EC9DF004F6981 /* main.m */; };
		ECA0CD701A5EC9DF004F6981 /* AppDelegate.m in Sources */ = {isa = PBXBuildFile; fileRef = ECA0CD6F1A5EC9DF004F6981 /* AppDelegate.m */; };
		ECA0CD781A5EC9DF004F6981 /* Images.xcassets in Resources */ = {isa = PBXBuildFile; fileRef = ECA0CD771A5EC9DF004F6981 /* Images.xcassets */; };
		ECA0CD7B1A5EC9DF004F6981 /* LaunchScreen.xib in Resources */ = {isa = PBXBuildFile; fileRef = ECA0CD791A5EC9DF004F6981 /* LaunchScreen.xib */; };
		ECA0CD871A5EC9DF004F6981 /* GithubFriendsTests.m in Sources */ = {isa = PBXBuildFile; fileRef = ECA0CD861A5EC9DF004F6981 /* GithubFriendsTests.m */; };
		ECA0CD921A5ECB81004F6981 /* FriendsTVC.m in Sources */ = {isa = PBXBuildFile; fileRef = ECA0CD911A5ECB81004F6981 /* FriendsTVC.m */; };
		ECA0CD951A5ECB98004F6981 /* FriendCell.m in Sources */ = {isa = PBXBuildFile; fileRef = ECA0CD941A5ECB98004F6981 /* FriendCell.m */; };
		ECA0CD981A5EE351004F6981 /* NewFriendVC.m in Sources */ = {isa = PBXBuildFile; fileRef = ECA0CD971A5EE351004F6981 /* NewFriendVC.m */; };
		ECA0CD9B1A5EE371004F6981 /* FriendDetailVC.m in Sources */ = {isa = PBXBuildFile; fileRef = ECA0CD9A1A5EE371004F6981 /* FriendDetailVC.m */; };
/* End PBXBuildFile section */

/* Begin PBXContainerItemProxy section */
		ECA0CD811A5EC9DF004F6981 /* PBXContainerItemProxy */ = {
			isa = PBXContainerItemProxy;
			containerPortal = ECA0CD5F1A5EC9DF004F6981 /* Project object */;
			proxyType = 1;
			remoteGlobalIDString = ECA0CD661A5EC9DF004F6981;
			remoteInfo = GithubFriends;
		};
/* End PBXContainerItemProxy section */

/* Begin PBXFileReference section */
		ECA0CD671A5EC9DF004F6981 /* GithubFriends.app */ = {isa = PBXFileReference; explicitFileType = wrapper.application; includeInIndex = 0; path = GithubFriends.app; sourceTree = BUILT_PRODUCTS_DIR; };
		ECA0CD6B1A5EC9DF004F6981 /* Info.plist */ = {isa = PBXFileReference; lastKnownFileType = text.plist.xml; path = Info.plist; sourceTree = "<group>"; };
		ECA0CD6C1A5EC9DF004F6981 /* main.m */ = {isa = PBXFileReference; lastKnownFileType = sourcecode.c.objc; path = main.m; sourceTree = "<group>"; };
		ECA0CD6E1A5EC9DF004F6981 /* AppDelegate.h */ = {isa = PBXFileReference; lastKnownFileType = sourcecode.c.h; path = AppDelegate.h; sourceTree = "<group>"; };
		ECA0CD6F1A5EC9DF004F6981 /* AppDelegate.m */ = {isa = PBXFileReference; lastKnownFileType = sourcecode.c.objc; path = AppDelegate.m; sourceTree = "<group>"; };
		ECA0CD771A5EC9DF004F6981 /* Images.xcassets */ = {isa = PBXFileReference; lastKnownFileType = folder.assetcatalog; path = Images.xcassets; sourceTree = "<group>"; };
		ECA0CD7A1A5EC9DF004F6981 /* Base */ = {isa = PBXFileReference; lastKnownFileType = file.xib; name = Base; path = Base.lproj/LaunchScreen.xib; sourceTree = "<group>"; };
		ECA0CD801A5EC9DF004F6981 /* GithubFriendsTests.xctest */ = {isa = PBXFileReference; explicitFileType = wrapper.cfbundle; includeInIndex = 0; path = GithubFriendsTests.xctest; sourceTree = BUILT_PRODUCTS_DIR; };
		ECA0CD851A5EC9DF004F6981 /* Info.plist */ = {isa = PBXFileReference; lastKnownFileType = text.plist.xml; path = Info.plist; sourceTree = "<group>"; };
		ECA0CD861A5EC9DF004F6981 /* GithubFriendsTests.m */ = {isa = PBXFileReference; lastKnownFileType = sourcecode.c.objc; path = GithubFriendsTests.m; sourceTree = "<group>"; };
		ECA0CD901A5ECB81004F6981 /* FriendsTVC.h */ = {isa = PBXFileReference; fileEncoding = 4; lastKnownFileType = sourcecode.c.h; path = FriendsTVC.h; sourceTree = "<group>"; };
		ECA0CD911A5ECB81004F6981 /* FriendsTVC.m */ = {isa = PBXFileReference; fileEncoding = 4; lastKnownFileType = sourcecode.c.objc; path = FriendsTVC.m; sourceTree = "<group>"; };
		ECA0CD931A5ECB98004F6981 /* FriendCell.h */ = {isa = PBXFileReference; fileEncoding = 4; lastKnownFileType = sourcecode.c.h; path = FriendCell.h; sourceTree = "<group>"; };
		ECA0CD941A5ECB98004F6981 /* FriendCell.m */ = {isa = PBXFileReference; fileEncoding = 4; lastKnownFileType = sourcecode.c.objc; path = FriendCell.m; sourceTree = "<group>"; };
		ECA0CD961A5EE351004F6981 /* NewFriendVC.h */ = {isa = PBXFileReference; fileEncoding = 4; lastKnownFileType = sourcecode.c.h; path = NewFriendVC.h; sourceTree = "<group>"; };
		ECA0CD971A5EE351004F6981 /* NewFriendVC.m */ = {isa = PBXFileReference; fileEncoding = 4; lastKnownFileType = sourcecode.c.objc; path = NewFriendVC.m; sourceTree = "<group>"; };
		ECA0CD991A5EE371004F6981 /* FriendDetailVC.h */ = {isa = PBXFileReference; fileEncoding = 4; lastKnownFileType = sourcecode.c.h; path = FriendDetailVC.h; sourceTree = "<group>"; };
		ECA0CD9A1A5EE371004F6981 /* FriendDetailVC.m */ = {isa = PBXFileReference; fileEncoding = 4; lastKnownFileType = sourcecode.c.objc; path = FriendDetailVC.m; sourceTree = "<group>"; };
/* End PBXFileReference section */

/* Begin PBXFrameworksBuildPhase section */
		ECA0CD641A5EC9DF004F6981 /* Frameworks */ = {
			isa = PBXFrameworksBuildPhase;
			buildActionMask = 2147483647;
			files = (
			);
			runOnlyForDeploymentPostprocessing = 0;
		};
		ECA0CD7D1A5EC9DF004F6981 /* Frameworks */ = {
			isa = PBXFrameworksBuildPhase;
			buildActionMask = 2147483647;
			files = (
			);
			runOnlyForDeploymentPostprocessing = 0;
		};
/* End PBXFrameworksBuildPhase section */

/* Begin PBXGroup section */
		ECA0CD5E1A5EC9DF004F6981 = {
			isa = PBXGroup;
			children = (
				ECA0CD691A5EC9DF004F6981 /* GithubFriends */,
				ECA0CD831A5EC9DF004F6981 /* GithubFriendsTests */,
				ECA0CD681A5EC9DF004F6981 /* Products */,
			);
			sourceTree = "<group>";
		};
		ECA0CD681A5EC9DF004F6981 /* Products */ = {
			isa = PBXGroup;
			children = (
				ECA0CD671A5EC9DF004F6981 /* GithubFriends.app */,
				ECA0CD801A5EC9DF004F6981 /* GithubFriendsTests.xctest */,
			);
			name = Products;
			sourceTree = "<group>";
		};
		ECA0CD691A5EC9DF004F6981 /* GithubFriends */ = {
			isa = PBXGroup;
			children = (
				ECA0CD9C1A5EE3A8004F6981 /* Friends List */,
				ECA0CD961A5EE351004F6981 /* NewFriendVC.h */,
				ECA0CD971A5EE351004F6981 /* NewFriendVC.m */,
				ECA0CD991A5EE371004F6981 /* FriendDetailVC.h */,
				ECA0CD9A1A5EE371004F6981 /* FriendDetailVC.m */,
				ECA0CD6A1A5EC9DF004F6981 /* Supporting Files */,
			);
			path = GithubFriends;
			sourceTree = "<group>";
		};
		ECA0CD6A1A5EC9DF004F6981 /* Supporting Files */ = {
			isa = PBXGroup;
			children = (
				ECA0CD6E1A5EC9DF004F6981 /* AppDelegate.h */,
				ECA0CD6F1A5EC9DF004F6981 /* AppDelegate.m */,
				ECA0CD771A5EC9DF004F6981 /* Images.xcassets */,
				ECA0CD791A5EC9DF004F6981 /* LaunchScreen.xib */,
				ECA0CD6B1A5EC9DF004F6981 /* Info.plist */,
				ECA0CD6C1A5EC9DF004F6981 /* main.m */,
			);
			name = "Supporting Files";
			sourceTree = "<group>";
		};
		ECA0CD831A5EC9DF004F6981 /* GithubFriendsTests */ = {
			isa = PBXGroup;
			children = (
				ECA0CD861A5EC9DF004F6981 /* GithubFriendsTests.m */,
				ECA0CD841A5EC9DF004F6981 /* Supporting Files */,
			);
			path = GithubFriendsTests;
			sourceTree = "<group>";
		};
		ECA0CD841A5EC9DF004F6981 /* Supporting Files */ = {
			isa = PBXGroup;
			children = (
				ECA0CD851A5EC9DF004F6981 /* Info.plist */,
			);
			name = "Supporting Files";
			sourceTree = "<group>";
		};
		ECA0CD9C1A5EE3A8004F6981 /* Friends List */ = {
			isa = PBXGroup;
			children = (
				ECA0CD901A5ECB81004F6981 /* FriendsTVC.h */,
				ECA0CD911A5ECB81004F6981 /* FriendsTVC.m */,
				ECA0CD931A5ECB98004F6981 /* FriendCell.h */,
				ECA0CD941A5ECB98004F6981 /* FriendCell.m */,
			);
			name = "Friends List";
			sourceTree = "<group>";
		};
/* End PBXGroup section */

/* Begin PBXNativeTarget section */
		ECA0CD661A5EC9DF004F6981 /* GithubFriends */ = {
			isa = PBXNativeTarget;
			buildConfigurationList = ECA0CD8A1A5EC9DF004F6981 /* Build configuration list for PBXNativeTarget "GithubFriends" */;
			buildPhases = (
				ECA0CD631A5EC9DF004F6981 /* Sources */,
				ECA0CD641A5EC9DF004F6981 /* Frameworks */,
				ECA0CD651A5EC9DF004F6981 /* Resources */,
			);
			buildRules = (
			);
			dependencies = (
			);
			name = GithubFriends;
			productName = GithubFriends;
			productReference = ECA0CD671A5EC9DF004F6981 /* GithubFriends.app */;
			productType = "com.apple.product-type.application";
		};
		ECA0CD7F1A5EC9DF004F6981 /* GithubFriendsTests */ = {
			isa = PBXNativeTarget;
			buildConfigurationList = ECA0CD8D1A5EC9DF004F6981 /* Build configuration list for PBXNativeTarget "GithubFriendsTests" */;
			buildPhases = (
				ECA0CD7C1A5EC9DF004F6981 /* Sources */,
				ECA0CD7D1A5EC9DF004F6981 /* Frameworks */,
				ECA0CD7E1A5EC9DF004F6981 /* Resources */,
			);
			buildRules = (
			);
			dependencies = (
				ECA0CD821A5EC9DF004F6981 /* PBXTargetDependency */,
			);
			name = GithubFriendsTests;
			productName = GithubFriendsTests;
			productReference = ECA0CD801A5EC9DF004F6981 /* GithubFriendsTests.xctest */;
			productType = "com.apple.product-type.bundle.unit-test";
		};
/* End PBXNativeTarget section */

/* Begin PBXProject section */
		ECA0CD5F1A5EC9DF004F6981 /* Project object */ = {
			isa = PBXProject;
			attributes = {
				LastUpgradeCheck = 0610;
				ORGANIZATIONNAME = "Proximity Viz LLC";
				TargetAttributes = {
					ECA0CD661A5EC9DF004F6981 = {
						CreatedOnToolsVersion = 6.1.1;
					};
					ECA0CD7F1A5EC9DF004F6981 = {
						CreatedOnToolsVersion = 6.1.1;
						TestTargetID = ECA0CD661A5EC9DF004F6981;
					};
				};
			};
			buildConfigurationList = ECA0CD621A5EC9DF004F6981 /* Build configuration list for PBXProject "GithubFriends" */;
			compatibilityVersion = "Xcode 3.2";
			developmentRegion = English;
			hasScannedForEncodings = 0;
			knownRegions = (
				en,
				Base,
			);
			mainGroup = ECA0CD5E1A5EC9DF004F6981;
			productRefGroup = ECA0CD681A5EC9DF004F6981 /* Products */;
			projectDirPath = "";
			projectRoot = "";
			targets = (
				ECA0CD661A5EC9DF004F6981 /* GithubFriends */,
				ECA0CD7F1A5EC9DF004F6981 /* GithubFriendsTests */,
			);
		};
/* End PBXProject section */

/* Begin PBXResourcesBuildPhase section */
		ECA0CD651A5EC9DF004F6981 /* Resources */ = {
			isa = PBXResourcesBuildPhase;
			buildActionMask = 2147483647;
			files = (
				ECA0CD7B1A5EC9DF004F6981 /* LaunchScreen.xib in Resources */,
				ECA0CD781A5EC9DF004F6981 /* Images.xcassets in Resources */,
			);
			runOnlyForDeploymentPostprocessing = 0;
		};
		ECA0CD7E1A5EC9DF004F6981 /* Resources */ = {
			isa = PBXResourcesBuildPhase;
			buildActionMask = 2147483647;
			files = (
			);
			runOnlyForDeploymentPostprocessing = 0;
		};
/* End PBXResourcesBuildPhase section */

/* Begin PBXSourcesBuildPhase section */
		ECA0CD631A5EC9DF004F6981 /* Sources */ = {
			isa = PBXSourcesBuildPhase;
			buildActionMask = 2147483647;
			files = (
				ECA0CD701A5EC9DF004F6981 /* AppDelegate.m in Sources */,
				ECA0CD981A5EE351004F6981 /* NewFriendVC.m in Sources */,
				ECA0CD921A5ECB81004F6981 /* FriendsTVC.m in Sources */,
				ECA0CD9B1A5EE371004F6981 /* FriendDetailVC.m in Sources */,
				ECA0CD6D1A5EC9DF004F6981 /* main.m in Sources */,
				ECA0CD951A5ECB98004F6981 /* FriendCell.m in Sources */,
			);
			runOnlyForDeploymentPostprocessing = 0;
		};
		ECA0CD7C1A5EC9DF004F6981 /* Sources */ = {
			isa = PBXSourcesBuildPhase;
			buildActionMask = 2147483647;
			files = (
				ECA0CD871A5EC9DF004F6981 /* GithubFriendsTests.m in Sources */,
			);
			runOnlyForDeploymentPostprocessing = 0;
		};
/* End PBXSourcesBuildPhase section */

/* Begin PBXTargetDependency section */
		ECA0CD821A5EC9DF004F6981 /* PBXTargetDependency */ = {
			isa = PBXTargetDependency;
			target = ECA0CD661A5EC9DF004F6981 /* GithubFriends */;
			targetProxy = ECA0CD811A5EC9DF004F6981 /* PBXContainerItemProxy */;
		};
/* End PBXTargetDependency section */

/* Begin PBXVariantGroup section */
		ECA0CD791A5EC9DF004F6981 /* LaunchScreen.xib */ = {
			isa = PBXVariantGroup;
			children = (
				ECA0CD7A1A5EC9DF004F6981 /* Base */,
			);
			name = LaunchScreen.xib;
			sourceTree = "<group>";
		};
/* End PBXVariantGroup section */

/* Begin XCBuildConfiguration section */
		ECA0CD881A5EC9DF004F6981 /* Debug */ = {
			isa = XCBuildConfiguration;
			buildSettings = {
				ALWAYS_SEARCH_USER_PATHS = NO;
				CLANG_CXX_LANGUAGE_STANDARD = "gnu++0x";
				CLANG_CXX_LIBRARY = "libc++";
				CLANG_ENABLE_MODULES = YES;
				CLANG_ENABLE_OBJC_ARC = YES;
				CLANG_WARN_BOOL_CONVERSION = YES;
				CLANG_WARN_CONSTANT_CONVERSION = YES;
				CLANG_WARN_DIRECT_OBJC_ISA_USAGE = YES_ERROR;
				CLANG_WARN_EMPTY_BODY = YES;
				CLANG_WARN_ENUM_CONVERSION = YES;
				CLANG_WARN_INT_CONVERSION = YES;
				CLANG_WARN_OBJC_ROOT_CLASS = YES_ERROR;
				CLANG_WARN_UNREACHABLE_CODE = YES;
				CLANG_WARN__DUPLICATE_METHOD_MATCH = YES;
				"CODE_SIGN_IDENTITY[sdk=iphoneos*]" = "iPhone Developer";
				COPY_PHASE_STRIP = NO;
				ENABLE_STRICT_OBJC_MSGSEND = YES;
				GCC_C_LANGUAGE_STANDARD = gnu99;
				GCC_DYNAMIC_NO_PIC = NO;
				GCC_OPTIMIZATION_LEVEL = 0;
				GCC_PREPROCESSOR_DEFINITIONS = (
					"DEBUG=1",
					"$(inherited)",
				);
				GCC_SYMBOLS_PRIVATE_EXTERN = NO;
				GCC_WARN_64_TO_32_BIT_CONVERSION = YES;
				GCC_WARN_ABOUT_RETURN_TYPE = YES_ERROR;
				GCC_WARN_UNDECLARED_SELECTOR = YES;
				GCC_WARN_UNINITIALIZED_AUTOS = YES_AGGRESSIVE;
				GCC_WARN_UNUSED_FUNCTION = YES;
				GCC_WARN_UNUSED_VARIABLE = YES;
				IPHONEOS_DEPLOYMENT_TARGET = 8.1;
				MTL_ENABLE_DEBUG_INFO = YES;
				ONLY_ACTIVE_ARCH = YES;
				SDKROOT = iphoneos;
			};
			name = Debug;
		};
		ECA0CD891A5EC9DF004F6981 /* Release */ = {
			isa = XCBuildConfiguration;
			buildSettings = {
				ALWAYS_SEARCH_USER_PATHS = NO;
				CLANG_CXX_LANGUAGE_STANDARD = "gnu++0x";
				CLANG_CXX_LIBRARY = "libc++";
				CLANG_ENABLE_MODULES = YES;
				CLANG_ENABLE_OBJC_ARC = YES;
				CLANG_WARN_BOOL_CONVERSION = YES;
				CLANG_WARN_CONSTANT_CONVERSION = YES;
				CLANG_WARN_DIRECT_OBJC_ISA_USAGE = YES_ERROR;
				CLANG_WARN_EMPTY_BODY = YES;
				CLANG_WARN_ENUM_CONVERSION = YES;
				CLANG_WARN_INT_CONVERSION = YES;
				CLANG_WARN_OBJC_ROOT_CLASS = YES_ERROR;
				CLANG_WARN_UNREACHABLE_CODE = YES;
				CLANG_WARN__DUPLICATE_METHOD_MATCH = YES;
				"CODE_SIGN_IDENTITY[sdk=iphoneos*]" = "iPhone Developer";
				COPY_PHASE_STRIP = YES;
				ENABLE_NS_ASSERTIONS = NO;
				ENABLE_STRICT_OBJC_MSGSEND = YES;
				GCC_C_LANGUAGE_STANDARD = gnu99;
				GCC_WARN_64_TO_32_BIT_CONVERSION = YES;
				GCC_WARN_ABOUT_RETURN_TYPE = YES_ERROR;
				GCC_WARN_UNDECLARED_SELECTOR = YES;
				GCC_WARN_UNINITIALIZED_AUTOS = YES_AGGRESSIVE;
				GCC_WARN_UNUSED_FUNCTION = YES;
				GCC_WARN_UNUSED_VARIABLE = YES;
				IPHONEOS_DEPLOYMENT_TARGET = 8.1;
				MTL_ENABLE_DEBUG_INFO = NO;
				SDKROOT = iphoneos;
				VALIDATE_PRODUCT = YES;
			};
			name = Release;
		};
		ECA0CD8B1A5EC9DF004F6981 /* Debug */ = {
			isa = XCBuildConfiguration;
			buildSettings = {
				ASSETCATALOG_COMPILER_APPICON_NAME = AppIcon;
				INFOPLIST_FILE = GithubFriends/Info.plist;
				LD_RUNPATH_SEARCH_PATHS = "$(inherited) @executable_path/Frameworks";
				PRODUCT_NAME = "$(TARGET_NAME)";
			};
			name = Debug;
		};
		ECA0CD8C1A5EC9DF004F6981 /* Release */ = {
			isa = XCBuildConfiguration;
			buildSettings = {
				ASSETCATALOG_COMPILER_APPICON_NAME = AppIcon;
				INFOPLIST_FILE = GithubFriends/Info.plist;
				LD_RUNPATH_SEARCH_PATHS = "$(inherited) @executable_path/Frameworks";
				PRODUCT_NAME = "$(TARGET_NAME)";
			};
			name = Release;
		};
		ECA0CD8E1A5EC9DF004F6981 /* Debug */ = {
			isa = XCBuildConfiguration;
			buildSettings = {
				BUNDLE_LOADER = "$(TEST_HOST)";
				FRAMEWORK_SEARCH_PATHS = (
					"$(SDKROOT)/Developer/Library/Frameworks",
					"$(inherited)",
				);
				GCC_PREPROCESSOR_DEFINITIONS = (
					"DEBUG=1",
					"$(inherited)",
				);
				INFOPLIST_FILE = GithubFriendsTests/Info.plist;
				LD_RUNPATH_SEARCH_PATHS = "$(inherited) @executable_path/Frameworks @loader_path/Frameworks";
				PRODUCT_NAME = "$(TARGET_NAME)";
				TEST_HOST = "$(BUILT_PRODUCTS_DIR)/GithubFriends.app/GithubFriends";
			};
			name = Debug;
		};
		ECA0CD8F1A5EC9DF004F6981 /* Release */ = {
			isa = XCBuildConfiguration;
			buildSettings = {
				BUNDLE_LOADER = "$(TEST_HOST)";
				FRAMEWORK_SEARCH_PATHS = (
					"$(SDKROOT)/Developer/Library/Frameworks",
					"$(inherited)",
				);
				INFOPLIST_FILE = GithubFriendsTests/Info.plist;
				LD_RUNPATH_SEARCH_PATHS = "$(inherited) @executable_path/Frameworks @loader_path/Frameworks";
				PRODUCT_NAME = "$(TARGET_NAME)";
				TEST_HOST = "$(BUILT_PRODUCTS_DIR)/GithubFriends.app/GithubFriends";
			};
			name = Release;
		};
/* End XCBuildConfiguration section */

/* Begin XCConfigurationList section */
		ECA0CD621A5EC9DF004F6981 /* Build configuration list for PBXProject "GithubFriends" */ = {
			isa = XCConfigurationList;
			buildConfigurations = (
				ECA0CD881A5EC9DF004F6981 /* Debug */,
				ECA0CD891A5EC9DF004F6981 /* Release */,
			);
			defaultConfigurationIsVisible = 0;
			defaultConfigurationName = Release;
		};
		ECA0CD8A1A5EC9DF004F6981 /* Build configuration list for PBXNativeTarget "GithubFriends" */ = {
			isa = XCConfigurationList;
			buildConfigurations = (
				ECA0CD8B1A5EC9DF004F6981 /* Debug */,
				ECA0CD8C1A5EC9DF004F6981 /* Release */,
			);
			defaultConfigurationIsVisible = 0;
		};
		ECA0CD8D1A5EC9DF004F6981 /* Build configuration list for PBXNativeTarget "GithubFriendsTests" */ = {
			isa = XCConfigurationList;
			buildConfigurations = (
				ECA0CD8E1A5EC9DF004F6981 /* Debug */,
				ECA0CD8F1A5EC9DF004F6981 /* Release */,
			);
			defaultConfigurationIsVisible = 0;
		};
/* End XCConfigurationList section */
	};
	rootObject = ECA0CD5F1A5EC9DF004F6981 /* Project object */;
}
