// !$*UTF8*$!
{
	archiveVersion = 1;
	classes = {
	};
	objectVersion = 46;
	objects = {

/* Begin PBXBuildFile section */
		EC1DA9571A65C126007A15D8 /* main.m in Sources */ = {isa = PBXBuildFile; fileRef = EC1DA9561A65C126007A15D8 /* main.m */; };
		EC1DA95A1A65C126007A15D8 /* AppDelegate.m in Sources */ = {isa = PBXBuildFile; fileRef = EC1DA9591A65C126007A15D8 /* AppDelegate.m */; };
		EC1DA95D1A65C126007A15D8 /* ViewController.m in Sources */ = {isa = PBXBuildFile; fileRef = EC1DA95C1A65C126007A15D8 /* ViewController.m */; };
		EC1DA9601A65C126007A15D8 /* Main.storyboard in Resources */ = {isa = PBXBuildFile; fileRef = EC1DA95E1A65C126007A15D8 /* Main.storyboard */; };
		EC1DA9621A65C126007A15D8 /* Images.xcassets in Resources */ = {isa = PBXBuildFile; fileRef = EC1DA9611A65C126007A15D8 /* Images.xcassets */; };
		EC1DA9651A65C126007A15D8 /* LaunchScreen.xib in Resources */ = {isa = PBXBuildFile; fileRef = EC1DA9631A65C126007A15D8 /* LaunchScreen.xib */; };
		EC1DA9711A65C127007A15D8 /* ShapesTests.m in Sources */ = {isa = PBXBuildFile; fileRef = EC1DA9701A65C127007A15D8 /* ShapesTests.m */; };
		EC1DA97C1A65C223007A15D8 /* Rectangle.m in Sources */ = {isa = PBXBuildFile; fileRef = EC1DA97B1A65C223007A15D8 /* Rectangle.m */; };
		EC1DA97F1A65C530007A15D8 /* Ellipse.m in Sources */ = {isa = PBXBuildFile; fileRef = EC1DA97E1A65C530007A15D8 /* Ellipse.m */; };
		EC1DA9821A65C537007A15D8 /* Triangle.m in Sources */ = {isa = PBXBuildFile; fileRef = EC1DA9811A65C537007A15D8 /* Triangle.m */; };
		EC1DA9861A6602F6007A15D8 /* Shape.m in Sources */ = {isa = PBXBuildFile; fileRef = EC1DA9851A6602F6007A15D8 /* Shape.m */; };
/* End PBXBuildFile section */

/* Begin PBXContainerItemProxy section */
		EC1DA96B1A65C126007A15D8 /* PBXContainerItemProxy */ = {
			isa = PBXContainerItemProxy;
			containerPortal = EC1DA9491A65C126007A15D8 /* Project object */;
			proxyType = 1;
			remoteGlobalIDString = EC1DA9501A65C126007A15D8;
			remoteInfo = Shapes;
		};
/* End PBXContainerItemProxy section */

/* Begin PBXFileReference section */
		EC1DA9511A65C126007A15D8 /* Shapes.app */ = {isa = PBXFileReference; explicitFileType = wrapper.application; includeInIndex = 0; path = Shapes.app; sourceTree = BUILT_PRODUCTS_DIR; };
		EC1DA9551A65C126007A15D8 /* Info.plist */ = {isa = PBXFileReference; lastKnownFileType = text.plist.xml; path = Info.plist; sourceTree = "<group>"; };
		EC1DA9561A65C126007A15D8 /* main.m */ = {isa = PBXFileReference; lastKnownFileType = sourcecode.c.objc; path = main.m; sourceTree = "<group>"; };
		EC1DA9581A65C126007A15D8 /* AppDelegate.h */ = {isa = PBXFileReference; lastKnownFileType = sourcecode.c.h; path = AppDelegate.h; sourceTree = "<group>"; };
		EC1DA9591A65C126007A15D8 /* AppDelegate.m */ = {isa = PBXFileReference; lastKnownFileType = sourcecode.c.objc; path = AppDelegate.m; sourceTree = "<group>"; };
		EC1DA95B1A65C126007A15D8 /* ViewController.h */ = {isa = PBXFileReference; lastKnownFileType = sourcecode.c.h; path = ViewController.h; sourceTree = "<group>"; };
		EC1DA95C1A65C126007A15D8 /* ViewController.m */ = {isa = PBXFileReference; lastKnownFileType = sourcecode.c.objc; path = ViewController.m; sourceTree = "<group>"; };
		EC1DA95F1A65C126007A15D8 /* Base */ = {isa = PBXFileReference; lastKnownFileType = file.storyboard; name = Base; path = Base.lproj/Main.storyboard; sourceTree = "<group>"; };
		EC1DA9611A65C126007A15D8 /* Images.xcassets */ = {isa = PBXFileReference; lastKnownFileType = folder.assetcatalog; path = Images.xcassets; sourceTree = "<group>"; };
		EC1DA9641A65C126007A15D8 /* Base */ = {isa = PBXFileReference; lastKnownFileType = file.xib; name = Base; path = Base.lproj/LaunchScreen.xib; sourceTree = "<group>"; };
		EC1DA96A1A65C126007A15D8 /* ShapesTests.xctest */ = {isa = PBXFileReference; explicitFileType = wrapper.cfbundle; includeInIndex = 0; path = ShapesTests.xctest; sourceTree = BUILT_PRODUCTS_DIR; };
		EC1DA96F1A65C127007A15D8 /* Info.plist */ = {isa = PBXFileReference; lastKnownFileType = text.plist.xml; path = Info.plist; sourceTree = "<group>"; };
		EC1DA9701A65C127007A15D8 /* ShapesTests.m */ = {isa = PBXFileReference; lastKnownFileType = sourcecode.c.objc; path = ShapesTests.m; sourceTree = "<group>"; };
		EC1DA97A1A65C223007A15D8 /* Rectangle.h */ = {isa = PBXFileReference; fileEncoding = 4; lastKnownFileType = sourcecode.c.h; path = Rectangle.h; sourceTree = "<group>"; };
		EC1DA97B1A65C223007A15D8 /* Rectangle.m */ = {isa = PBXFileReference; fileEncoding = 4; lastKnownFileType = sourcecode.c.objc; path = Rectangle.m; sourceTree = "<group>"; };
		EC1DA97D1A65C530007A15D8 /* Ellipse.h */ = {isa = PBXFileReference; fileEncoding = 4; lastKnownFileType = sourcecode.c.h; path = Ellipse.h; sourceTree = "<group>"; };
		EC1DA97E1A65C530007A15D8 /* Ellipse.m */ = {isa = PBXFileReference; fileEncoding = 4; lastKnownFileType = sourcecode.c.objc; path = Ellipse.m; sourceTree = "<group>"; };
		EC1DA9801A65C537007A15D8 /* Triangle.h */ = {isa = PBXFileReference; fileEncoding = 4; lastKnownFileType = sourcecode.c.h; path = Triangle.h; sourceTree = "<group>"; };
		EC1DA9811A65C537007A15D8 /* Triangle.m */ = {isa = PBXFileReference; fileEncoding = 4; lastKnownFileType = sourcecode.c.objc; path = Triangle.m; sourceTree = "<group>"; };
		EC1DA9841A6602F6007A15D8 /* Shape.h */ = {isa = PBXFileReference; fileEncoding = 4; lastKnownFileType = sourcecode.c.h; path = Shape.h; sourceTree = "<group>"; };
		EC1DA9851A6602F6007A15D8 /* Shape.m */ = {isa = PBXFileReference; fileEncoding = 4; lastKnownFileType = sourcecode.c.objc; path = Shape.m; sourceTree = "<group>"; };
/* End PBXFileReference section */

/* Begin PBXFrameworksBuildPhase section */
		EC1DA94E1A65C126007A15D8 /* Frameworks */ = {
			isa = PBXFrameworksBuildPhase;
			buildActionMask = 2147483647;
			files = (
			);
			runOnlyForDeploymentPostprocessing = 0;
		};
		EC1DA9671A65C126007A15D8 /* Frameworks */ = {
			isa = PBXFrameworksBuildPhase;
			buildActionMask = 2147483647;
			files = (
			);
			runOnlyForDeploymentPostprocessing = 0;
		};
/* End PBXFrameworksBuildPhase section */

/* Begin PBXGroup section */
		EC1DA9481A65C126007A15D8 = {
			isa = PBXGroup;
			children = (
				EC1DA9531A65C126007A15D8 /* Shapes */,
				EC1DA96D1A65C127007A15D8 /* ShapesTests */,
				EC1DA9521A65C126007A15D8 /* Products */,
			);
			sourceTree = "<group>";
		};
		EC1DA9521A65C126007A15D8 /* Products */ = {
			isa = PBXGroup;
			children = (
				EC1DA9511A65C126007A15D8 /* Shapes.app */,
				EC1DA96A1A65C126007A15D8 /* ShapesTests.xctest */,
			);
			name = Products;
			sourceTree = "<group>";
		};
		EC1DA9531A65C126007A15D8 /* Shapes */ = {
			isa = PBXGroup;
			children = (
				EC1DA95B1A65C126007A15D8 /* ViewController.h */,
				EC1DA95C1A65C126007A15D8 /* ViewController.m */,
				EC1DA9831A65C541007A15D8 /* Shapes */,
				EC1DA95E1A65C126007A15D8 /* Main.storyboard */,
				EC1DA9541A65C126007A15D8 /* Supporting Files */,
			);
			path = Shapes;
			sourceTree = "<group>";
		};
		EC1DA9541A65C126007A15D8 /* Supporting Files */ = {
			isa = PBXGroup;
			children = (
				EC1DA9581A65C126007A15D8 /* AppDelegate.h */,
				EC1DA9591A65C126007A15D8 /* AppDelegate.m */,
				EC1DA9611A65C126007A15D8 /* Images.xcassets */,
				EC1DA9631A65C126007A15D8 /* LaunchScreen.xib */,
				EC1DA9551A65C126007A15D8 /* Info.plist */,
				EC1DA9561A65C126007A15D8 /* main.m */,
			);
			name = "Supporting Files";
			sourceTree = "<group>";
		};
		EC1DA96D1A65C127007A15D8 /* ShapesTests */ = {
			isa = PBXGroup;
			children = (
				EC1DA9701A65C127007A15D8 /* ShapesTests.m */,
				EC1DA96E1A65C127007A15D8 /* Supporting Files */,
			);
			path = ShapesTests;
			sourceTree = "<group>";
		};
		EC1DA96E1A65C127007A15D8 /* Supporting Files */ = {
			isa = PBXGroup;
			children = (
				EC1DA96F1A65C127007A15D8 /* Info.plist */,
			);
			name = "Supporting Files";
			sourceTree = "<group>";
		};
		EC1DA9831A65C541007A15D8 /* Shapes */ = {
			isa = PBXGroup;
			children = (
				EC1DA9841A6602F6007A15D8 /* Shape.h */,
				EC1DA9851A6602F6007A15D8 /* Shape.m */,
				EC1DA97A1A65C223007A15D8 /* Rectangle.h */,
				EC1DA97B1A65C223007A15D8 /* Rectangle.m */,
				EC1DA97D1A65C530007A15D8 /* Ellipse.h */,
				EC1DA97E1A65C530007A15D8 /* Ellipse.m */,
				EC1DA9801A65C537007A15D8 /* Triangle.h */,
				EC1DA9811A65C537007A15D8 /* Triangle.m */,
			);
			name = Shapes;
			sourceTree = "<group>";
		};
/* End PBXGroup section */

/* Begin PBXNativeTarget section */
		EC1DA9501A65C126007A15D8 /* Shapes */ = {
			isa = PBXNativeTarget;
			buildConfigurationList = EC1DA9741A65C127007A15D8 /* Build configuration list for PBXNativeTarget "Shapes" */;
			buildPhases = (
				EC1DA94D1A65C126007A15D8 /* Sources */,
				EC1DA94E1A65C126007A15D8 /* Frameworks */,
				EC1DA94F1A65C126007A15D8 /* Resources */,
			);
			buildRules = (
			);
			dependencies = (
			);
			name = Shapes;
			productName = Shapes;
			productReference = EC1DA9511A65C126007A15D8 /* Shapes.app */;
			productType = "com.apple.product-type.application";
		};
		EC1DA9691A65C126007A15D8 /* ShapesTests */ = {
			isa = PBXNativeTarget;
			buildConfigurationList = EC1DA9771A65C127007A15D8 /* Build configuration list for PBXNativeTarget "ShapesTests" */;
			buildPhases = (
				EC1DA9661A65C126007A15D8 /* Sources */,
				EC1DA9671A65C126007A15D8 /* Frameworks */,
				EC1DA9681A65C126007A15D8 /* Resources */,
			);
			buildRules = (
			);
			dependencies = (
				EC1DA96C1A65C126007A15D8 /* PBXTargetDependency */,
			);
			name = ShapesTests;
			productName = ShapesTests;
			productReference = EC1DA96A1A65C126007A15D8 /* ShapesTests.xctest */;
			productType = "com.apple.product-type.bundle.unit-test";
		};
/* End PBXNativeTarget section */

/* Begin PBXProject section */
		EC1DA9491A65C126007A15D8 /* Project object */ = {
			isa = PBXProject;
			attributes = {
				LastUpgradeCheck = 0610;
				ORGANIZATIONNAME = "Proximity Viz LLC";
				TargetAttributes = {
					EC1DA9501A65C126007A15D8 = {
						CreatedOnToolsVersion = 6.1.1;
					};
					EC1DA9691A65C126007A15D8 = {
						CreatedOnToolsVersion = 6.1.1;
						TestTargetID = EC1DA9501A65C126007A15D8;
					};
				};
			};
			buildConfigurationList = EC1DA94C1A65C126007A15D8 /* Build configuration list for PBXProject "Shapes" */;
			compatibilityVersion = "Xcode 3.2";
			developmentRegion = English;
			hasScannedForEncodings = 0;
			knownRegions = (
				en,
				Base,
			);
			mainGroup = EC1DA9481A65C126007A15D8;
			productRefGroup = EC1DA9521A65C126007A15D8 /* Products */;
			projectDirPath = "";
			projectRoot = "";
			targets = (
				EC1DA9501A65C126007A15D8 /* Shapes */,
				EC1DA9691A65C126007A15D8 /* ShapesTests */,
			);
		};
/* End PBXProject section */

/* Begin PBXResourcesBuildPhase section */
		EC1DA94F1A65C126007A15D8 /* Resources */ = {
			isa = PBXResourcesBuildPhase;
			buildActionMask = 2147483647;
			files = (
				EC1DA9601A65C126007A15D8 /* Main.storyboard in Resources */,
				EC1DA9651A65C126007A15D8 /* LaunchScreen.xib in Resources */,
				EC1DA9621A65C126007A15D8 /* Images.xcassets in Resources */,
			);
			runOnlyForDeploymentPostprocessing = 0;
		};
		EC1DA9681A65C126007A15D8 /* Resources */ = {
			isa = PBXResourcesBuildPhase;
			buildActionMask = 2147483647;
			files = (
			);
			runOnlyForDeploymentPostprocessing = 0;
		};
/* End PBXResourcesBuildPhase section */

/* Begin PBXSourcesBuildPhase section */
		EC1DA94D1A65C126007A15D8 /* Sources */ = {
			isa = PBXSourcesBuildPhase;
			buildActionMask = 2147483647;
			files = (
				EC1DA97F1A65C530007A15D8 /* Ellipse.m in Sources */,
				EC1DA95D1A65C126007A15D8 /* ViewController.m in Sources */,
				EC1DA95A1A65C126007A15D8 /* AppDelegate.m in Sources */,
				EC1DA9571A65C126007A15D8 /* main.m in Sources */,
				EC1DA97C1A65C223007A15D8 /* Rectangle.m in Sources */,
				EC1DA9821A65C537007A15D8 /* Triangle.m in Sources */,
				EC1DA9861A6602F6007A15D8 /* Shape.m in Sources */,
			);
			runOnlyForDeploymentPostprocessing = 0;
		};
		EC1DA9661A65C126007A15D8 /* Sources */ = {
			isa = PBXSourcesBuildPhase;
			buildActionMask = 2147483647;
			files = (
				EC1DA9711A65C127007A15D8 /* ShapesTests.m in Sources */,
			);
			runOnlyForDeploymentPostprocessing = 0;
		};
/* End PBXSourcesBuildPhase section */

/* Begin PBXTargetDependency section */
		EC1DA96C1A65C126007A15D8 /* PBXTargetDependency */ = {
			isa = PBXTargetDependency;
			target = EC1DA9501A65C126007A15D8 /* Shapes */;
			targetProxy = EC1DA96B1A65C126007A15D8 /* PBXContainerItemProxy */;
		};
/* End PBXTargetDependency section */

/* Begin PBXVariantGroup section */
		EC1DA95E1A65C126007A15D8 /* Main.storyboard */ = {
			isa = PBXVariantGroup;
			children = (
				EC1DA95F1A65C126007A15D8 /* Base */,
			);
			name = Main.storyboard;
			sourceTree = "<group>";
		};
		EC1DA9631A65C126007A15D8 /* LaunchScreen.xib */ = {
			isa = PBXVariantGroup;
			children = (
				EC1DA9641A65C126007A15D8 /* Base */,
			);
			name = LaunchScreen.xib;
			sourceTree = "<group>";
		};
/* End PBXVariantGroup section */

/* Begin XCBuildConfiguration section */
		EC1DA9721A65C127007A15D8 /* Debug */ = {
			isa = XCBuildConfiguration;
			buildSettings = {
				ALWAYS_SEARCH_USER_PATHS = NO;
				CLANG_CXX_LANGUAGE_STANDARD = "gnu++0x";
				CLANG_CXX_LIBRARY = "libc++";
				CLANG_ENABLE_MODULES = YES;
				CLANG_ENABLE_OBJC_ARC = YES;
				CLANG_WARN_BOOL_CONVERSION = YES;
				CLANG_WARN_CONSTANT_CONVERSION = YES;
				CLANG_WARN_DIRECT_OBJC_ISA_USAGE = YES_ERROR;
				CLANG_WARN_EMPTY_BODY = YES;
				CLANG_WARN_ENUM_CONVERSION = YES;
				CLANG_WARN_INT_CONVERSION = YES;
				CLANG_WARN_OBJC_ROOT_CLASS = YES_ERROR;
				CLANG_WARN_UNREACHABLE_CODE = YES;
				CLANG_WARN__DUPLICATE_METHOD_MATCH = YES;
				"CODE_SIGN_IDENTITY[sdk=iphoneos*]" = "iPhone Developer";
				COPY_PHASE_STRIP = NO;
				ENABLE_STRICT_OBJC_MSGSEND = YES;
				GCC_C_LANGUAGE_STANDARD = gnu99;
				GCC_DYNAMIC_NO_PIC = NO;
				GCC_OPTIMIZATION_LEVEL = 0;
				GCC_PREPROCESSOR_DEFINITIONS = (
					"DEBUG=1",
					"$(inherited)",
				);
				GCC_SYMBOLS_PRIVATE_EXTERN = NO;
				GCC_WARN_64_TO_32_BIT_CONVERSION = YES;
				GCC_WARN_ABOUT_RETURN_TYPE = YES_ERROR;
				GCC_WARN_UNDECLARED_SELECTOR = YES;
				GCC_WARN_UNINITIALIZED_AUTOS = YES_AGGRESSIVE;
				GCC_WARN_UNUSED_FUNCTION = YES;
				GCC_WARN_UNUSED_VARIABLE = YES;
				IPHONEOS_DEPLOYMENT_TARGET = 8.1;
				MTL_ENABLE_DEBUG_INFO = YES;
				ONLY_ACTIVE_ARCH = YES;
				SDKROOT = iphoneos;
			};
			name = Debug;
		};
		EC1DA9731A65C127007A15D8 /* Release */ = {
			isa = XCBuildConfiguration;
			buildSettings = {
				ALWAYS_SEARCH_USER_PATHS = NO;
				CLANG_CXX_LANGUAGE_STANDARD = "gnu++0x";
				CLANG_CXX_LIBRARY = "libc++";
				CLANG_ENABLE_MODULES = YES;
				CLANG_ENABLE_OBJC_ARC = YES;
				CLANG_WARN_BOOL_CONVERSION = YES;
				CLANG_WARN_CONSTANT_CONVERSION = YES;
				CLANG_WARN_DIRECT_OBJC_ISA_USAGE = YES_ERROR;
				CLANG_WARN_EMPTY_BODY = YES;
				CLANG_WARN_ENUM_CONVERSION = YES;
				CLANG_WARN_INT_CONVERSION = YES;
				CLANG_WARN_OBJC_ROOT_CLASS = YES_ERROR;
				CLANG_WARN_UNREACHABLE_CODE = YES;
				CLANG_WARN__DUPLICATE_METHOD_MATCH = YES;
				"CODE_SIGN_IDENTITY[sdk=iphoneos*]" = "iPhone Developer";
				COPY_PHASE_STRIP = YES;
				ENABLE_NS_ASSERTIONS = NO;
				ENABLE_STRICT_OBJC_MSGSEND = YES;
				GCC_C_LANGUAGE_STANDARD = gnu99;
				GCC_WARN_64_TO_32_BIT_CONVERSION = YES;
				GCC_WARN_ABOUT_RETURN_TYPE = YES_ERROR;
				GCC_WARN_UNDECLARED_SELECTOR = YES;
				GCC_WARN_UNINITIALIZED_AUTOS = YES_AGGRESSIVE;
				GCC_WARN_UNUSED_FUNCTION = YES;
				GCC_WARN_UNUSED_VARIABLE = YES;
				IPHONEOS_DEPLOYMENT_TARGET = 8.1;
				MTL_ENABLE_DEBUG_INFO = NO;
				SDKROOT = iphoneos;
				VALIDATE_PRODUCT = YES;
			};
			name = Release;
		};
		EC1DA9751A65C127007A15D8 /* Debug */ = {
			isa = XCBuildConfiguration;
			buildSettings = {
				ASSETCATALOG_COMPILER_APPICON_NAME = AppIcon;
				INFOPLIST_FILE = Shapes/Info.plist;
				LD_RUNPATH_SEARCH_PATHS = "$(inherited) @executable_path/Frameworks";
				PRODUCT_NAME = "$(TARGET_NAME)";
			};
			name = Debug;
		};
		EC1DA9761A65C127007A15D8 /* Release */ = {
			isa = XCBuildConfiguration;
			buildSettings = {
				ASSETCATALOG_COMPILER_APPICON_NAME = AppIcon;
				INFOPLIST_FILE = Shapes/Info.plist;
				LD_RUNPATH_SEARCH_PATHS = "$(inherited) @executable_path/Frameworks";
				PRODUCT_NAME = "$(TARGET_NAME)";
			};
			name = Release;
		};
		EC1DA9781A65C127007A15D8 /* Debug */ = {
			isa = XCBuildConfiguration;
			buildSettings = {
				BUNDLE_LOADER = "$(TEST_HOST)";
				FRAMEWORK_SEARCH_PATHS = (
					"$(SDKROOT)/Developer/Library/Frameworks",
					"$(inherited)",
				);
				GCC_PREPROCESSOR_DEFINITIONS = (
					"DEBUG=1",
					"$(inherited)",
				);
				INFOPLIST_FILE = ShapesTests/Info.plist;
				LD_RUNPATH_SEARCH_PATHS = "$(inherited) @executable_path/Frameworks @loader_path/Frameworks";
				PRODUCT_NAME = "$(TARGET_NAME)";
				TEST_HOST = "$(BUILT_PRODUCTS_DIR)/Shapes.app/Shapes";
			};
			name = Debug;
		};
		EC1DA9791A65C127007A15D8 /* Release */ = {
			isa = XCBuildConfiguration;
			buildSettings = {
				BUNDLE_LOADER = "$(TEST_HOST)";
				FRAMEWORK_SEARCH_PATHS = (
					"$(SDKROOT)/Developer/Library/Frameworks",
					"$(inherited)",
				);
				INFOPLIST_FILE = ShapesTests/Info.plist;
				LD_RUNPATH_SEARCH_PATHS = "$(inherited) @executable_path/Frameworks @loader_path/Frameworks";
				PRODUCT_NAME = "$(TARGET_NAME)";
				TEST_HOST = "$(BUILT_PRODUCTS_DIR)/Shapes.app/Shapes";
			};
			name = Release;
		};
/* End XCBuildConfiguration section */

/* Begin XCConfigurationList section */
		EC1DA94C1A65C126007A15D8 /* Build configuration list for PBXProject "Shapes" */ = {
			isa = XCConfigurationList;
			buildConfigurations = (
				EC1DA9721A65C127007A15D8 /* Debug */,
				EC1DA9731A65C127007A15D8 /* Release */,
			);
			defaultConfigurationIsVisible = 0;
			defaultConfigurationName = Release;
		};
		EC1DA9741A65C127007A15D8 /* Build configuration list for PBXNativeTarget "Shapes" */ = {
			isa = XCConfigurationList;
			buildConfigurations = (
				EC1DA9751A65C127007A15D8 /* Debug */,
				EC1DA9761A65C127007A15D8 /* Release */,
			);
			defaultConfigurationIsVisible = 0;
			defaultConfigurationName = Release;
		};
		EC1DA9771A65C127007A15D8 /* Build configuration list for PBXNativeTarget "ShapesTests" */ = {
			isa = XCConfigurationList;
			buildConfigurations = (
				EC1DA9781A65C127007A15D8 /* Debug */,
				EC1DA9791A65C127007A15D8 /* Release */,
			);
			defaultConfigurationIsVisible = 0;
			defaultConfigurationName = Release;
		};
/* End XCConfigurationList section */
	};
	rootObject = EC1DA9491A65C126007A15D8 /* Project object */;
}
