// !$*UTF8*$!
{
	archiveVersion = 1;
	classes = {
	};
	objectVersion = 46;
	objects = {

/* Begin PBXBuildFile section */
		EC24E1921A5C2A7D00CD4BC3 /* main.m in Sources */ = {isa = PBXBuildFile; fileRef = EC24E1911A5C2A7D00CD4BC3 /* main.m */; };
		EC24E1951A5C2A7D00CD4BC3 /* AppDelegate.m in Sources */ = {isa = PBXBuildFile; fileRef = EC24E1941A5C2A7D00CD4BC3 /* AppDelegate.m */; };
		EC24E19D1A5C2A7D00CD4BC3 /* Images.xcassets in Resources */ = {isa = PBXBuildFile; fileRef = EC24E19C1A5C2A7D00CD4BC3 /* Images.xcassets */; };
		EC24E1A01A5C2A7D00CD4BC3 /* LaunchScreen.xib in Resources */ = {isa = PBXBuildFile; fileRef = EC24E19E1A5C2A7D00CD4BC3 /* LaunchScreen.xib */; };
		EC24E1AC1A5C2A7D00CD4BC3 /* HumanTests.m in Sources */ = {isa = PBXBuildFile; fileRef = EC24E1AB1A5C2A7D00CD4BC3 /* HumanTests.m */; };
		EC24E1BA1A5C386700CD4BC3 /* Arm.m in Sources */ = {isa = PBXBuildFile; fileRef = EC24E1B91A5C386700CD4BC3 /* Arm.m */; };
		EC24E1BD1A5C387000CD4BC3 /* Hand.m in Sources */ = {isa = PBXBuildFile; fileRef = EC24E1BC1A5C387000CD4BC3 /* Hand.m */; };
		EC24E1C01A5C388600CD4BC3 /* Finger.m in Sources */ = {isa = PBXBuildFile; fileRef = EC24E1BF1A5C388600CD4BC3 /* Finger.m */; };
		EC24E1C31A5C38FD00CD4BC3 /* Thumb.m in Sources */ = {isa = PBXBuildFile; fileRef = EC24E1C21A5C38FD00CD4BC3 /* Thumb.m */; };
		EC24E1C61A5C664C00CD4BC3 /* Human.m in Sources */ = {isa = PBXBuildFile; fileRef = EC24E1C51A5C664C00CD4BC3 /* Human.m */; };
		EC24E1C91A5C68EC00CD4BC3 /* Body.m in Sources */ = {isa = PBXBuildFile; fileRef = EC24E1C81A5C68EC00CD4BC3 /* Body.m */; };
		EC24E1CC1A5C69FD00CD4BC3 /* Leg.m in Sources */ = {isa = PBXBuildFile; fileRef = EC24E1CB1A5C69FD00CD4BC3 /* Leg.m */; };
		EC24E1CF1A5C6A0A00CD4BC3 /* Head.m in Sources */ = {isa = PBXBuildFile; fileRef = EC24E1CE1A5C6A0A00CD4BC3 /* Head.m */; };
		EC24E1D21A5C6A5600CD4BC3 /* Eye.m in Sources */ = {isa = PBXBuildFile; fileRef = EC24E1D11A5C6A5600CD4BC3 /* Eye.m */; };
		EC24E1D51A5C6A6500CD4BC3 /* Ear.m in Sources */ = {isa = PBXBuildFile; fileRef = EC24E1D41A5C6A6500CD4BC3 /* Ear.m */; };
		EC24E1D81A5C6A6E00CD4BC3 /* Nose.m in Sources */ = {isa = PBXBuildFile; fileRef = EC24E1D71A5C6A6E00CD4BC3 /* Nose.m */; };
		EC24E1DB1A5C6A7C00CD4BC3 /* Hair.m in Sources */ = {isa = PBXBuildFile; fileRef = EC24E1DA1A5C6A7C00CD4BC3 /* Hair.m */; };
		EC24E1DE1A5C6A8A00CD4BC3 /* Toe.m in Sources */ = {isa = PBXBuildFile; fileRef = EC24E1DD1A5C6A8A00CD4BC3 /* Toe.m */; };
		EC24E1E11A5C6A9500CD4BC3 /* Foot.m in Sources */ = {isa = PBXBuildFile; fileRef = EC24E1E01A5C6A9400CD4BC3 /* Foot.m */; };
		EC24E1E41A5C6AA500CD4BC3 /* Nail.m in Sources */ = {isa = PBXBuildFile; fileRef = EC24E1E31A5C6AA500CD4BC3 /* Nail.m */; };
		EC24E1E71A5C6ADF00CD4BC3 /* Mouth.m in Sources */ = {isa = PBXBuildFile; fileRef = EC24E1E61A5C6ADF00CD4BC3 /* Mouth.m */; };
		EC24E1EA1A5C6AF400CD4BC3 /* Tooth.m in Sources */ = {isa = PBXBuildFile; fileRef = EC24E1E91A5C6AF400CD4BC3 /* Tooth.m */; };
/* End PBXBuildFile section */

/* Begin PBXContainerItemProxy section */
		EC24E1A61A5C2A7D00CD4BC3 /* PBXContainerItemProxy */ = {
			isa = PBXContainerItemProxy;
			containerPortal = EC24E1841A5C2A7D00CD4BC3 /* Project object */;
			proxyType = 1;
			remoteGlobalIDString = EC24E18B1A5C2A7D00CD4BC3;
			remoteInfo = Human;
		};
/* End PBXContainerItemProxy section */

/* Begin PBXFileReference section */
		EC24E18C1A5C2A7D00CD4BC3 /* Human.app */ = {isa = PBXFileReference; explicitFileType = wrapper.application; includeInIndex = 0; path = Human.app; sourceTree = BUILT_PRODUCTS_DIR; };
		EC24E1901A5C2A7D00CD4BC3 /* Info.plist */ = {isa = PBXFileReference; lastKnownFileType = text.plist.xml; path = Info.plist; sourceTree = "<group>"; };
		EC24E1911A5C2A7D00CD4BC3 /* main.m */ = {isa = PBXFileReference; lastKnownFileType = sourcecode.c.objc; path = main.m; sourceTree = "<group>"; };
		EC24E1931A5C2A7D00CD4BC3 /* AppDelegate.h */ = {isa = PBXFileReference; lastKnownFileType = sourcecode.c.h; path = AppDelegate.h; sourceTree = "<group>"; };
		EC24E1941A5C2A7D00CD4BC3 /* AppDelegate.m */ = {isa = PBXFileReference; lastKnownFileType = sourcecode.c.objc; path = AppDelegate.m; sourceTree = "<group>"; };
		EC24E19C1A5C2A7D00CD4BC3 /* Images.xcassets */ = {isa = PBXFileReference; lastKnownFileType = folder.assetcatalog; path = Images.xcassets; sourceTree = "<group>"; };
		EC24E19F1A5C2A7D00CD4BC3 /* Base */ = {isa = PBXFileReference; lastKnownFileType = file.xib; name = Base; path = Base.lproj/LaunchScreen.xib; sourceTree = "<group>"; };
		EC24E1A51A5C2A7D00CD4BC3 /* HumanTests.xctest */ = {isa = PBXFileReference; explicitFileType = wrapper.cfbundle; includeInIndex = 0; path = HumanTests.xctest; sourceTree = BUILT_PRODUCTS_DIR; };
		EC24E1AA1A5C2A7D00CD4BC3 /* Info.plist */ = {isa = PBXFileReference; lastKnownFileType = text.plist.xml; path = Info.plist; sourceTree = "<group>"; };
		EC24E1AB1A5C2A7D00CD4BC3 /* HumanTests.m */ = {isa = PBXFileReference; lastKnownFileType = sourcecode.c.objc; path = HumanTests.m; sourceTree = "<group>"; };
		EC24E1B81A5C386700CD4BC3 /* Arm.h */ = {isa = PBXFileReference; fileEncoding = 4; lastKnownFileType = sourcecode.c.h; path = Arm.h; sourceTree = "<group>"; };
		EC24E1B91A5C386700CD4BC3 /* Arm.m */ = {isa = PBXFileReference; fileEncoding = 4; lastKnownFileType = sourcecode.c.objc; path = Arm.m; sourceTree = "<group>"; };
		EC24E1BB1A5C387000CD4BC3 /* Hand.h */ = {isa = PBXFileReference; fileEncoding = 4; lastKnownFileType = sourcecode.c.h; path = Hand.h; sourceTree = "<group>"; };
		EC24E1BC1A5C387000CD4BC3 /* Hand.m */ = {isa = PBXFileReference; fileEncoding = 4; lastKnownFileType = sourcecode.c.objc; path = Hand.m; sourceTree = "<group>"; };
		EC24E1BE1A5C388600CD4BC3 /* Finger.h */ = {isa = PBXFileReference; fileEncoding = 4; lastKnownFileType = sourcecode.c.h; path = Finger.h; sourceTree = "<group>"; };
		EC24E1BF1A5C388600CD4BC3 /* Finger.m */ = {isa = PBXFileReference; fileEncoding = 4; lastKnownFileType = sourcecode.c.objc; path = Finger.m; sourceTree = "<group>"; };
		EC24E1C11A5C38FD00CD4BC3 /* Thumb.h */ = {isa = PBXFileReference; fileEncoding = 4; lastKnownFileType = sourcecode.c.h; path = Thumb.h; sourceTree = "<group>"; };
		EC24E1C21A5C38FD00CD4BC3 /* Thumb.m */ = {isa = PBXFileReference; fileEncoding = 4; lastKnownFileType = sourcecode.c.objc; path = Thumb.m; sourceTree = "<group>"; };
		EC24E1C41A5C664C00CD4BC3 /* Human.h */ = {isa = PBXFileReference; fileEncoding = 4; lastKnownFileType = sourcecode.c.h; path = Human.h; sourceTree = "<group>"; };
		EC24E1C51A5C664C00CD4BC3 /* Human.m */ = {isa = PBXFileReference; fileEncoding = 4; lastKnownFileType = sourcecode.c.objc; path = Human.m; sourceTree = "<group>"; };
		EC24E1C71A5C68EC00CD4BC3 /* Body.h */ = {isa = PBXFileReference; fileEncoding = 4; lastKnownFileType = sourcecode.c.h; path = Body.h; sourceTree = "<group>"; };
		EC24E1C81A5C68EC00CD4BC3 /* Body.m */ = {isa = PBXFileReference; fileEncoding = 4; lastKnownFileType = sourcecode.c.objc; path = Body.m; sourceTree = "<group>"; };
		EC24E1CA1A5C69FD00CD4BC3 /* Leg.h */ = {isa = PBXFileReference; fileEncoding = 4; lastKnownFileType = sourcecode.c.h; path = Leg.h; sourceTree = "<group>"; };
		EC24E1CB1A5C69FD00CD4BC3 /* Leg.m */ = {isa = PBXFileReference; fileEncoding = 4; lastKnownFileType = sourcecode.c.objc; path = Leg.m; sourceTree = "<group>"; };
		EC24E1CD1A5C6A0A00CD4BC3 /* Head.h */ = {isa = PBXFileReference; fileEncoding = 4; lastKnownFileType = sourcecode.c.h; path = Head.h; sourceTree = "<group>"; };
		EC24E1CE1A5C6A0A00CD4BC3 /* Head.m */ = {isa = PBXFileReference; fileEncoding = 4; lastKnownFileType = sourcecode.c.objc; path = Head.m; sourceTree = "<group>"; };
		EC24E1D01A5C6A5600CD4BC3 /* Eye.h */ = {isa = PBXFileReference; fileEncoding = 4; lastKnownFileType = sourcecode.c.h; path = Eye.h; sourceTree = "<group>"; };
		EC24E1D11A5C6A5600CD4BC3 /* Eye.m */ = {isa = PBXFileReference; fileEncoding = 4; lastKnownFileType = sourcecode.c.objc; path = Eye.m; sourceTree = "<group>"; };
		EC24E1D31A5C6A6500CD4BC3 /* Ear.h */ = {isa = PBXFileReference; fileEncoding = 4; lastKnownFileType = sourcecode.c.h; path = Ear.h; sourceTree = "<group>"; };
		EC24E1D41A5C6A6500CD4BC3 /* Ear.m */ = {isa = PBXFileReference; fileEncoding = 4; lastKnownFileType = sourcecode.c.objc; path = Ear.m; sourceTree = "<group>"; };
		EC24E1D61A5C6A6E00CD4BC3 /* Nose.h */ = {isa = PBXFileReference; fileEncoding = 4; lastKnownFileType = sourcecode.c.h; path = Nose.h; sourceTree = "<group>"; };
		EC24E1D71A5C6A6E00CD4BC3 /* Nose.m */ = {isa = PBXFileReference; fileEncoding = 4; lastKnownFileType = sourcecode.c.objc; path = Nose.m; sourceTree = "<group>"; };
		EC24E1D91A5C6A7C00CD4BC3 /* Hair.h */ = {isa = PBXFileReference; fileEncoding = 4; lastKnownFileType = sourcecode.c.h; path = Hair.h; sourceTree = "<group>"; };
		EC24E1DA1A5C6A7C00CD4BC3 /* Hair.m */ = {isa = PBXFileReference; fileEncoding = 4; lastKnownFileType = sourcecode.c.objc; path = Hair.m; sourceTree = "<group>"; };
		EC24E1DC1A5C6A8A00CD4BC3 /* Toe.h */ = {isa = PBXFileReference; fileEncoding = 4; lastKnownFileType = sourcecode.c.h; path = Toe.h; sourceTree = "<group>"; };
		EC24E1DD1A5C6A8A00CD4BC3 /* Toe.m */ = {isa = PBXFileReference; fileEncoding = 4; lastKnownFileType = sourcecode.c.objc; path = Toe.m; sourceTree = "<group>"; };
		EC24E1DF1A5C6A9400CD4BC3 /* Foot.h */ = {isa = PBXFileReference; fileEncoding = 4; lastKnownFileType = sourcecode.c.h; path = Foot.h; sourceTree = "<group>"; };
		EC24E1E01A5C6A9400CD4BC3 /* Foot.m */ = {isa = PBXFileReference; fileEncoding = 4; lastKnownFileType = sourcecode.c.objc; path = Foot.m; sourceTree = "<group>"; };
		EC24E1E21A5C6AA500CD4BC3 /* Nail.h */ = {isa = PBXFileReference; fileEncoding = 4; lastKnownFileType = sourcecode.c.h; path = Nail.h; sourceTree = "<group>"; };
		EC24E1E31A5C6AA500CD4BC3 /* Nail.m */ = {isa = PBXFileReference; fileEncoding = 4; lastKnownFileType = sourcecode.c.objc; path = Nail.m; sourceTree = "<group>"; };
		EC24E1E51A5C6ADF00CD4BC3 /* Mouth.h */ = {isa = PBXFileReference; fileEncoding = 4; lastKnownFileType = sourcecode.c.h; path = Mouth.h; sourceTree = "<group>"; };
		EC24E1E61A5C6ADF00CD4BC3 /* Mouth.m */ = {isa = PBXFileReference; fileEncoding = 4; lastKnownFileType = sourcecode.c.objc; path = Mouth.m; sourceTree = "<group>"; };
		EC24E1E81A5C6AF400CD4BC3 /* Tooth.h */ = {isa = PBXFileReference; fileEncoding = 4; lastKnownFileType = sourcecode.c.h; path = Tooth.h; sourceTree = "<group>"; };
		EC24E1E91A5C6AF400CD4BC3 /* Tooth.m */ = {isa = PBXFileReference; fileEncoding = 4; lastKnownFileType = sourcecode.c.objc; path = Tooth.m; sourceTree = "<group>"; };
/* End PBXFileReference section */

/* Begin PBXFrameworksBuildPhase section */
		EC24E1891A5C2A7D00CD4BC3 /* Frameworks */ = {
			isa = PBXFrameworksBuildPhase;
			buildActionMask = 2147483647;
			files = (
			);
			runOnlyForDeploymentPostprocessing = 0;
		};
		EC24E1A21A5C2A7D00CD4BC3 /* Frameworks */ = {
			isa = PBXFrameworksBuildPhase;
			buildActionMask = 2147483647;
			files = (
			);
			runOnlyForDeploymentPostprocessing = 0;
		};
/* End PBXFrameworksBuildPhase section */

/* Begin PBXGroup section */
		EC24E1831A5C2A7D00CD4BC3 = {
			isa = PBXGroup;
			children = (
				EC24E18E1A5C2A7D00CD4BC3 /* Human */,
				EC24E1A81A5C2A7D00CD4BC3 /* HumanTests */,
				EC24E18D1A5C2A7D00CD4BC3 /* Products */,
			);
			sourceTree = "<group>";
		};
		EC24E18D1A5C2A7D00CD4BC3 /* Products */ = {
			isa = PBXGroup;
			children = (
				EC24E18C1A5C2A7D00CD4BC3 /* Human.app */,
				EC24E1A51A5C2A7D00CD4BC3 /* HumanTests.xctest */,
			);
			name = Products;
			sourceTree = "<group>";
		};
		EC24E18E1A5C2A7D00CD4BC3 /* Human */ = {
			isa = PBXGroup;
			children = (
				EC24E1C41A5C664C00CD4BC3 /* Human.h */,
				EC24E1C51A5C664C00CD4BC3 /* Human.m */,
				EC24E1CD1A5C6A0A00CD4BC3 /* Head.h */,
				EC24E1CE1A5C6A0A00CD4BC3 /* Head.m */,
				EC24E1D91A5C6A7C00CD4BC3 /* Hair.h */,
				EC24E1DA1A5C6A7C00CD4BC3 /* Hair.m */,
				EC24E1D01A5C6A5600CD4BC3 /* Eye.h */,
				EC24E1D11A5C6A5600CD4BC3 /* Eye.m */,
				EC24E1D61A5C6A6E00CD4BC3 /* Nose.h */,
				EC24E1D71A5C6A6E00CD4BC3 /* Nose.m */,
				EC24E1D31A5C6A6500CD4BC3 /* Ear.h */,
				EC24E1D41A5C6A6500CD4BC3 /* Ear.m */,
				EC24E1E51A5C6ADF00CD4BC3 /* Mouth.h */,
				EC24E1E61A5C6ADF00CD4BC3 /* Mouth.m */,
				EC24E1E81A5C6AF400CD4BC3 /* Tooth.h */,
				EC24E1E91A5C6AF400CD4BC3 /* Tooth.m */,
				EC24E1C71A5C68EC00CD4BC3 /* Body.h */,
				EC24E1C81A5C68EC00CD4BC3 /* Body.m */,
				EC24E1B81A5C386700CD4BC3 /* Arm.h */,
				EC24E1B91A5C386700CD4BC3 /* Arm.m */,
				EC24E1BB1A5C387000CD4BC3 /* Hand.h */,
				EC24E1BC1A5C387000CD4BC3 /* Hand.m */,
				EC24E1BE1A5C388600CD4BC3 /* Finger.h */,
				EC24E1BF1A5C388600CD4BC3 /* Finger.m */,
				EC24E1C11A5C38FD00CD4BC3 /* Thumb.h */,
				EC24E1C21A5C38FD00CD4BC3 /* Thumb.m */,
				EC24E1E21A5C6AA500CD4BC3 /* Nail.h */,
				EC24E1E31A5C6AA500CD4BC3 /* Nail.m */,
				EC24E1CA1A5C69FD00CD4BC3 /* Leg.h */,
				EC24E1CB1A5C69FD00CD4BC3 /* Leg.m */,
				EC24E1DF1A5C6A9400CD4BC3 /* Foot.h */,
				EC24E1E01A5C6A9400CD4BC3 /* Foot.m */,
				EC24E1DC1A5C6A8A00CD4BC3 /* Toe.h */,
				EC24E1DD1A5C6A8A00CD4BC3 /* Toe.m */,
				EC24E18F1A5C2A7D00CD4BC3 /* Supporting Files */,
			);
			path = Human;
			sourceTree = "<group>";
		};
		EC24E18F1A5C2A7D00CD4BC3 /* Supporting Files */ = {
			isa = PBXGroup;
			children = (
				EC24E1931A5C2A7D00CD4BC3 /* AppDelegate.h */,
				EC24E1941A5C2A7D00CD4BC3 /* AppDelegate.m */,
				EC24E19C1A5C2A7D00CD4BC3 /* Images.xcassets */,
				EC24E19E1A5C2A7D00CD4BC3 /* LaunchScreen.xib */,
				EC24E1901A5C2A7D00CD4BC3 /* Info.plist */,
				EC24E1911A5C2A7D00CD4BC3 /* main.m */,
			);
			name = "Supporting Files";
			sourceTree = "<group>";
		};
		EC24E1A81A5C2A7D00CD4BC3 /* HumanTests */ = {
			isa = PBXGroup;
			children = (
				EC24E1AB1A5C2A7D00CD4BC3 /* HumanTests.m */,
				EC24E1A91A5C2A7D00CD4BC3 /* Supporting Files */,
			);
			path = HumanTests;
			sourceTree = "<group>";
		};
		EC24E1A91A5C2A7D00CD4BC3 /* Supporting Files */ = {
			isa = PBXGroup;
			children = (
				EC24E1AA1A5C2A7D00CD4BC3 /* Info.plist */,
			);
			name = "Supporting Files";
			sourceTree = "<group>";
		};
/* End PBXGroup section */

/* Begin PBXNativeTarget section */
		EC24E18B1A5C2A7D00CD4BC3 /* Human */ = {
			isa = PBXNativeTarget;
			buildConfigurationList = EC24E1AF1A5C2A7D00CD4BC3 /* Build configuration list for PBXNativeTarget "Human" */;
			buildPhases = (
				EC24E1881A5C2A7D00CD4BC3 /* Sources */,
				EC24E1891A5C2A7D00CD4BC3 /* Frameworks */,
				EC24E18A1A5C2A7D00CD4BC3 /* Resources */,
			);
			buildRules = (
			);
			dependencies = (
			);
			name = Human;
			productName = Human;
			productReference = EC24E18C1A5C2A7D00CD4BC3 /* Human.app */;
			productType = "com.apple.product-type.application";
		};
		EC24E1A41A5C2A7D00CD4BC3 /* HumanTests */ = {
			isa = PBXNativeTarget;
			buildConfigurationList = EC24E1B21A5C2A7D00CD4BC3 /* Build configuration list for PBXNativeTarget "HumanTests" */;
			buildPhases = (
				EC24E1A11A5C2A7D00CD4BC3 /* Sources */,
				EC24E1A21A5C2A7D00CD4BC3 /* Frameworks */,
				EC24E1A31A5C2A7D00CD4BC3 /* Resources */,
			);
			buildRules = (
			);
			dependencies = (
				EC24E1A71A5C2A7D00CD4BC3 /* PBXTargetDependency */,
			);
			name = HumanTests;
			productName = HumanTests;
			productReference = EC24E1A51A5C2A7D00CD4BC3 /* HumanTests.xctest */;
			productType = "com.apple.product-type.bundle.unit-test";
		};
/* End PBXNativeTarget section */

/* Begin PBXProject section */
		EC24E1841A5C2A7D00CD4BC3 /* Project object */ = {
			isa = PBXProject;
			attributes = {
				LastUpgradeCheck = 0610;
				ORGANIZATIONNAME = "Proximity Viz LLC";
				TargetAttributes = {
					EC24E18B1A5C2A7D00CD4BC3 = {
						CreatedOnToolsVersion = 6.1.1;
					};
					EC24E1A41A5C2A7D00CD4BC3 = {
						CreatedOnToolsVersion = 6.1.1;
						TestTargetID = EC24E18B1A5C2A7D00CD4BC3;
					};
				};
			};
			buildConfigurationList = EC24E1871A5C2A7D00CD4BC3 /* Build configuration list for PBXProject "Human" */;
			compatibilityVersion = "Xcode 3.2";
			developmentRegion = English;
			hasScannedForEncodings = 0;
			knownRegions = (
				en,
				Base,
			);
			mainGroup = EC24E1831A5C2A7D00CD4BC3;
			productRefGroup = EC24E18D1A5C2A7D00CD4BC3 /* Products */;
			projectDirPath = "";
			projectRoot = "";
			targets = (
				EC24E18B1A5C2A7D00CD4BC3 /* Human */,
				EC24E1A41A5C2A7D00CD4BC3 /* HumanTests */,
			);
		};
/* End PBXProject section */

/* Begin PBXResourcesBuildPhase section */
		EC24E18A1A5C2A7D00CD4BC3 /* Resources */ = {
			isa = PBXResourcesBuildPhase;
			buildActionMask = 2147483647;
			files = (
				EC24E1A01A5C2A7D00CD4BC3 /* LaunchScreen.xib in Resources */,
				EC24E19D1A5C2A7D00CD4BC3 /* Images.xcassets in Resources */,
			);
			runOnlyForDeploymentPostprocessing = 0;
		};
		EC24E1A31A5C2A7D00CD4BC3 /* Resources */ = {
			isa = PBXResourcesBuildPhase;
			buildActionMask = 2147483647;
			files = (
			);
			runOnlyForDeploymentPostprocessing = 0;
		};
/* End PBXResourcesBuildPhase section */

/* Begin PBXSourcesBuildPhase section */
		EC24E1881A5C2A7D00CD4BC3 /* Sources */ = {
			isa = PBXSourcesBuildPhase;
			buildActionMask = 2147483647;
			files = (
				EC24E1D81A5C6A6E00CD4BC3 /* Nose.m in Sources */,
				EC24E1D51A5C6A6500CD4BC3 /* Ear.m in Sources */,
				EC24E1D21A5C6A5600CD4BC3 /* Eye.m in Sources */,
				EC24E1E41A5C6AA500CD4BC3 /* Nail.m in Sources */,
				EC24E1CC1A5C69FD00CD4BC3 /* Leg.m in Sources */,
				EC24E1C61A5C664C00CD4BC3 /* Human.m in Sources */,
				EC24E1C31A5C38FD00CD4BC3 /* Thumb.m in Sources */,
				EC24E1DE1A5C6A8A00CD4BC3 /* Toe.m in Sources */,
				EC24E1BD1A5C387000CD4BC3 /* Hand.m in Sources */,
				EC24E1BA1A5C386700CD4BC3 /* Arm.m in Sources */,
				EC24E1E11A5C6A9500CD4BC3 /* Foot.m in Sources */,
				EC24E1CF1A5C6A0A00CD4BC3 /* Head.m in Sources */,
				EC24E1951A5C2A7D00CD4BC3 /* AppDelegate.m in Sources */,
				EC24E1921A5C2A7D00CD4BC3 /* main.m in Sources */,
				EC24E1DB1A5C6A7C00CD4BC3 /* Hair.m in Sources */,
				EC24E1E71A5C6ADF00CD4BC3 /* Mouth.m in Sources */,
				EC24E1EA1A5C6AF400CD4BC3 /* Tooth.m in Sources */,
				EC24E1C01A5C388600CD4BC3 /* Finger.m in Sources */,
				EC24E1C91A5C68EC00CD4BC3 /* Body.m in Sources */,
			);
			runOnlyForDeploymentPostprocessing = 0;
		};
		EC24E1A11A5C2A7D00CD4BC3 /* Sources */ = {
			isa = PBXSourcesBuildPhase;
			buildActionMask = 2147483647;
			files = (
				EC24E1AC1A5C2A7D00CD4BC3 /* HumanTests.m in Sources */,
			);
			runOnlyForDeploymentPostprocessing = 0;
		};
/* End PBXSourcesBuildPhase section */

/* Begin PBXTargetDependency section */
		EC24E1A71A5C2A7D00CD4BC3 /* PBXTargetDependency */ = {
			isa = PBXTargetDependency;
			target = EC24E18B1A5C2A7D00CD4BC3 /* Human */;
			targetProxy = EC24E1A61A5C2A7D00CD4BC3 /* PBXContainerItemProxy */;
		};
/* End PBXTargetDependency section */

/* Begin PBXVariantGroup section */
		EC24E19E1A5C2A7D00CD4BC3 /* LaunchScreen.xib */ = {
			isa = PBXVariantGroup;
			children = (
				EC24E19F1A5C2A7D00CD4BC3 /* Base */,
			);
			name = LaunchScreen.xib;
			sourceTree = "<group>";
		};
/* End PBXVariantGroup section */

/* Begin XCBuildConfiguration section */
		EC24E1AD1A5C2A7D00CD4BC3 /* Debug */ = {
			isa = XCBuildConfiguration;
			buildSettings = {
				ALWAYS_SEARCH_USER_PATHS = NO;
				CLANG_CXX_LANGUAGE_STANDARD = "gnu++0x";
				CLANG_CXX_LIBRARY = "libc++";
				CLANG_ENABLE_MODULES = YES;
				CLANG_ENABLE_OBJC_ARC = YES;
				CLANG_WARN_BOOL_CONVERSION = YES;
				CLANG_WARN_CONSTANT_CONVERSION = YES;
				CLANG_WARN_DIRECT_OBJC_ISA_USAGE = YES_ERROR;
				CLANG_WARN_EMPTY_BODY = YES;
				CLANG_WARN_ENUM_CONVERSION = YES;
				CLANG_WARN_INT_CONVERSION = YES;
				CLANG_WARN_OBJC_ROOT_CLASS = YES_ERROR;
				CLANG_WARN_UNREACHABLE_CODE = YES;
				CLANG_WARN__DUPLICATE_METHOD_MATCH = YES;
				"CODE_SIGN_IDENTITY[sdk=iphoneos*]" = "iPhone Developer";
				COPY_PHASE_STRIP = NO;
				ENABLE_STRICT_OBJC_MSGSEND = YES;
				GCC_C_LANGUAGE_STANDARD = gnu99;
				GCC_DYNAMIC_NO_PIC = NO;
				GCC_OPTIMIZATION_LEVEL = 0;
				GCC_PREPROCESSOR_DEFINITIONS = (
					"DEBUG=1",
					"$(inherited)",
				);
				GCC_SYMBOLS_PRIVATE_EXTERN = NO;
				GCC_WARN_64_TO_32_BIT_CONVERSION = YES;
				GCC_WARN_ABOUT_RETURN_TYPE = YES_ERROR;
				GCC_WARN_UNDECLARED_SELECTOR = YES;
				GCC_WARN_UNINITIALIZED_AUTOS = YES_AGGRESSIVE;
				GCC_WARN_UNUSED_FUNCTION = YES;
				GCC_WARN_UNUSED_VARIABLE = YES;
				IPHONEOS_DEPLOYMENT_TARGET = 8.1;
				MTL_ENABLE_DEBUG_INFO = YES;
				ONLY_ACTIVE_ARCH = YES;
				SDKROOT = iphoneos;
			};
			name = Debug;
		};
		EC24E1AE1A5C2A7D00CD4BC3 /* Release */ = {
			isa = XCBuildConfiguration;
			buildSettings = {
				ALWAYS_SEARCH_USER_PATHS = NO;
				CLANG_CXX_LANGUAGE_STANDARD = "gnu++0x";
				CLANG_CXX_LIBRARY = "libc++";
				CLANG_ENABLE_MODULES = YES;
				CLANG_ENABLE_OBJC_ARC = YES;
				CLANG_WARN_BOOL_CONVERSION = YES;
				CLANG_WARN_CONSTANT_CONVERSION = YES;
				CLANG_WARN_DIRECT_OBJC_ISA_USAGE = YES_ERROR;
				CLANG_WARN_EMPTY_BODY = YES;
				CLANG_WARN_ENUM_CONVERSION = YES;
				CLANG_WARN_INT_CONVERSION = YES;
				CLANG_WARN_OBJC_ROOT_CLASS = YES_ERROR;
				CLANG_WARN_UNREACHABLE_CODE = YES;
				CLANG_WARN__DUPLICATE_METHOD_MATCH = YES;
				"CODE_SIGN_IDENTITY[sdk=iphoneos*]" = "iPhone Developer";
				COPY_PHASE_STRIP = YES;
				ENABLE_NS_ASSERTIONS = NO;
				ENABLE_STRICT_OBJC_MSGSEND = YES;
				GCC_C_LANGUAGE_STANDARD = gnu99;
				GCC_WARN_64_TO_32_BIT_CONVERSION = YES;
				GCC_WARN_ABOUT_RETURN_TYPE = YES_ERROR;
				GCC_WARN_UNDECLARED_SELECTOR = YES;
				GCC_WARN_UNINITIALIZED_AUTOS = YES_AGGRESSIVE;
				GCC_WARN_UNUSED_FUNCTION = YES;
				GCC_WARN_UNUSED_VARIABLE = YES;
				IPHONEOS_DEPLOYMENT_TARGET = 8.1;
				MTL_ENABLE_DEBUG_INFO = NO;
				SDKROOT = iphoneos;
				VALIDATE_PRODUCT = YES;
			};
			name = Release;
		};
		EC24E1B01A5C2A7D00CD4BC3 /* Debug */ = {
			isa = XCBuildConfiguration;
			buildSettings = {
				ASSETCATALOG_COMPILER_APPICON_NAME = AppIcon;
				INFOPLIST_FILE = Human/Info.plist;
				LD_RUNPATH_SEARCH_PATHS = "$(inherited) @executable_path/Frameworks";
				PRODUCT_NAME = "$(TARGET_NAME)";
			};
			name = Debug;
		};
		EC24E1B11A5C2A7D00CD4BC3 /* Release */ = {
			isa = XCBuildConfiguration;
			buildSettings = {
				ASSETCATALOG_COMPILER_APPICON_NAME = AppIcon;
				INFOPLIST_FILE = Human/Info.plist;
				LD_RUNPATH_SEARCH_PATHS = "$(inherited) @executable_path/Frameworks";
				PRODUCT_NAME = "$(TARGET_NAME)";
			};
			name = Release;
		};
		EC24E1B31A5C2A7D00CD4BC3 /* Debug */ = {
			isa = XCBuildConfiguration;
			buildSettings = {
				BUNDLE_LOADER = "$(TEST_HOST)";
				FRAMEWORK_SEARCH_PATHS = (
					"$(SDKROOT)/Developer/Library/Frameworks",
					"$(inherited)",
				);
				GCC_PREPROCESSOR_DEFINITIONS = (
					"DEBUG=1",
					"$(inherited)",
				);
				INFOPLIST_FILE = HumanTests/Info.plist;
				LD_RUNPATH_SEARCH_PATHS = "$(inherited) @executable_path/Frameworks @loader_path/Frameworks";
				PRODUCT_NAME = "$(TARGET_NAME)";
				TEST_HOST = "$(BUILT_PRODUCTS_DIR)/Human.app/Human";
			};
			name = Debug;
		};
		EC24E1B41A5C2A7D00CD4BC3 /* Release */ = {
			isa = XCBuildConfiguration;
			buildSettings = {
				BUNDLE_LOADER = "$(TEST_HOST)";
				FRAMEWORK_SEARCH_PATHS = (
					"$(SDKROOT)/Developer/Library/Frameworks",
					"$(inherited)",
				);
				INFOPLIST_FILE = HumanTests/Info.plist;
				LD_RUNPATH_SEARCH_PATHS = "$(inherited) @executable_path/Frameworks @loader_path/Frameworks";
				PRODUCT_NAME = "$(TARGET_NAME)";
				TEST_HOST = "$(BUILT_PRODUCTS_DIR)/Human.app/Human";
			};
			name = Release;
		};
/* End XCBuildConfiguration section */

/* Begin XCConfigurationList section */
		EC24E1871A5C2A7D00CD4BC3 /* Build configuration list for PBXProject "Human" */ = {
			isa = XCConfigurationList;
			buildConfigurations = (
				EC24E1AD1A5C2A7D00CD4BC3 /* Debug */,
				EC24E1AE1A5C2A7D00CD4BC3 /* Release */,
			);
			defaultConfigurationIsVisible = 0;
			defaultConfigurationName = Release;
		};
		EC24E1AF1A5C2A7D00CD4BC3 /* Build configuration list for PBXNativeTarget "Human" */ = {
			isa = XCConfigurationList;
			buildConfigurations = (
				EC24E1B01A5C2A7D00CD4BC3 /* Debug */,
				EC24E1B11A5C2A7D00CD4BC3 /* Release */,
			);
			defaultConfigurationIsVisible = 0;
		};
		EC24E1B21A5C2A7D00CD4BC3 /* Build configuration list for PBXNativeTarget "HumanTests" */ = {
			isa = XCConfigurationList;
			buildConfigurations = (
				EC24E1B31A5C2A7D00CD4BC3 /* Debug */,
				EC24E1B41A5C2A7D00CD4BC3 /* Release */,
			);
			defaultConfigurationIsVisible = 0;
		};
/* End XCConfigurationList section */
	};
	rootObject = EC24E1841A5C2A7D00CD4BC3 /* Project object */;
}
