// !$*UTF8*$!
{
	archiveVersion = 1;
	classes = {
	};
	objectVersion = 46;
	objects = {

/* Begin PBXBuildFile section */
		EC24E0F61A5B122400CD4BC3 /* main.m in Sources */ = {isa = PBXBuildFile; fileRef = EC24E0F51A5B122400CD4BC3 /* main.m */; };
		EC24E0F91A5B122400CD4BC3 /* AppDelegate.m in Sources */ = {isa = PBXBuildFile; fileRef = EC24E0F81A5B122400CD4BC3 /* AppDelegate.m */; };
		EC24E0FC1A5B122400CD4BC3 /* ViewController.m in Sources */ = {isa = PBXBuildFile; fileRef = EC24E0FB1A5B122400CD4BC3 /* ViewController.m */; };
		EC24E0FF1A5B122400CD4BC3 /* Main.storyboard in Resources */ = {isa = PBXBuildFile; fileRef = EC24E0FD1A5B122400CD4BC3 /* Main.storyboard */; };
		EC24E1011A5B122400CD4BC3 /* Images.xcassets in Resources */ = {isa = PBXBuildFile; fileRef = EC24E1001A5B122400CD4BC3 /* Images.xcassets */; };
		EC24E1041A5B122400CD4BC3 /* LaunchScreen.xib in Resources */ = {isa = PBXBuildFile; fileRef = EC24E1021A5B122400CD4BC3 /* LaunchScreen.xib */; };
		EC24E1101A5B122400CD4BC3 /* BasicsTests.m in Sources */ = {isa = PBXBuildFile; fileRef = EC24E10F1A5B122400CD4BC3 /* BasicsTests.m */; };
		EC24E14D1A5B303900CD4BC3 /* BackgroundViewController.m in Sources */ = {isa = PBXBuildFile; fileRef = EC24E14C1A5B303900CD4BC3 /* BackgroundViewController.m */; };
		EC24E1501A5B339900CD4BC3 /* BackgroundColorButton.m in Sources */ = {isa = PBXBuildFile; fileRef = EC24E14F1A5B339900CD4BC3 /* BackgroundColorButton.m */; };
/* End PBXBuildFile section */

/* Begin PBXContainerItemProxy section */
		EC24E10A1A5B122400CD4BC3 /* PBXContainerItemProxy */ = {
			isa = PBXContainerItemProxy;
			containerPortal = EC24E0E81A5B122300CD4BC3 /* Project object */;
			proxyType = 1;
			remoteGlobalIDString = EC24E0EF1A5B122300CD4BC3;
			remoteInfo = Basics;
		};
/* End PBXContainerItemProxy section */

/* Begin PBXFileReference section */
		EC24E0F01A5B122300CD4BC3 /* Basics.app */ = {isa = PBXFileReference; explicitFileType = wrapper.application; includeInIndex = 0; path = Basics.app; sourceTree = BUILT_PRODUCTS_DIR; };
		EC24E0F41A5B122400CD4BC3 /* Info.plist */ = {isa = PBXFileReference; lastKnownFileType = text.plist.xml; path = Info.plist; sourceTree = "<group>"; };
		EC24E0F51A5B122400CD4BC3 /* main.m */ = {isa = PBXFileReference; lastKnownFileType = sourcecode.c.objc; path = main.m; sourceTree = "<group>"; };
		EC24E0F71A5B122400CD4BC3 /* AppDelegate.h */ = {isa = PBXFileReference; lastKnownFileType = sourcecode.c.h; path = AppDelegate.h; sourceTree = "<group>"; };
		EC24E0F81A5B122400CD4BC3 /* AppDelegate.m */ = {isa = PBXFileReference; lastKnownFileType = sourcecode.c.objc; path = AppDelegate.m; sourceTree = "<group>"; };
		EC24E0FA1A5B122400CD4BC3 /* ViewController.h */ = {isa = PBXFileReference; lastKnownFileType = sourcecode.c.h; path = ViewController.h; sourceTree = "<group>"; };
		EC24E0FB1A5B122400CD4BC3 /* ViewController.m */ = {isa = PBXFileReference; lastKnownFileType = sourcecode.c.objc; path = ViewController.m; sourceTree = "<group>"; };
		EC24E0FE1A5B122400CD4BC3 /* Base */ = {isa = PBXFileReference; lastKnownFileType = file.storyboard; name = Base; path = Base.lproj/Main.storyboard; sourceTree = "<group>"; };
		EC24E1001A5B122400CD4BC3 /* Images.xcassets */ = {isa = PBXFileReference; lastKnownFileType = folder.assetcatalog; path = Images.xcassets; sourceTree = "<group>"; };
		EC24E1031A5B122400CD4BC3 /* Base */ = {isa = PBXFileReference; lastKnownFileType = file.xib; name = Base; path = Base.lproj/LaunchScreen.xib; sourceTree = "<group>"; };
		EC24E1091A5B122400CD4BC3 /* BasicsTests.xctest */ = {isa = PBXFileReference; explicitFileType = wrapper.cfbundle; includeInIndex = 0; path = BasicsTests.xctest; sourceTree = BUILT_PRODUCTS_DIR; };
		EC24E10E1A5B122400CD4BC3 /* Info.plist */ = {isa = PBXFileReference; lastKnownFileType = text.plist.xml; path = Info.plist; sourceTree = "<group>"; };
		EC24E10F1A5B122400CD4BC3 /* BasicsTests.m */ = {isa = PBXFileReference; lastKnownFileType = sourcecode.c.objc; path = BasicsTests.m; sourceTree = "<group>"; };
		EC24E14B1A5B303900CD4BC3 /* BackgroundViewController.h */ = {isa = PBXFileReference; fileEncoding = 4; lastKnownFileType = sourcecode.c.h; path = BackgroundViewController.h; sourceTree = "<group>"; };
		EC24E14C1A5B303900CD4BC3 /* BackgroundViewController.m */ = {isa = PBXFileReference; fileEncoding = 4; lastKnownFileType = sourcecode.c.objc; path = BackgroundViewController.m; sourceTree = "<group>"; };
		EC24E14E1A5B339900CD4BC3 /* BackgroundColorButton.h */ = {isa = PBXFileReference; fileEncoding = 4; lastKnownFileType = sourcecode.c.h; path = BackgroundColorButton.h; sourceTree = "<group>"; };
		EC24E14F1A5B339900CD4BC3 /* BackgroundColorButton.m */ = {isa = PBXFileReference; fileEncoding = 4; lastKnownFileType = sourcecode.c.objc; path = BackgroundColorButton.m; sourceTree = "<group>"; };
/* End PBXFileReference section */

/* Begin PBXFrameworksBuildPhase section */
		EC24E0ED1A5B122300CD4BC3 /* Frameworks */ = {
			isa = PBXFrameworksBuildPhase;
			buildActionMask = 2147483647;
			files = (
			);
			runOnlyForDeploymentPostprocessing = 0;
		};
		EC24E1061A5B122400CD4BC3 /* Frameworks */ = {
			isa = PBXFrameworksBuildPhase;
			buildActionMask = 2147483647;
			files = (
			);
			runOnlyForDeploymentPostprocessing = 0;
		};
/* End PBXFrameworksBuildPhase section */

/* Begin PBXGroup section */
		EC24E0E71A5B122300CD4BC3 = {
			isa = PBXGroup;
			children = (
				EC24E0F21A5B122300CD4BC3 /* Basics */,
				EC24E10C1A5B122400CD4BC3 /* BasicsTests */,
				EC24E0F11A5B122300CD4BC3 /* Products */,
			);
			sourceTree = "<group>";
		};
		EC24E0F11A5B122300CD4BC3 /* Products */ = {
			isa = PBXGroup;
			children = (
				EC24E0F01A5B122300CD4BC3 /* Basics.app */,
				EC24E1091A5B122400CD4BC3 /* BasicsTests.xctest */,
			);
			name = Products;
			sourceTree = "<group>";
		};
		EC24E0F21A5B122300CD4BC3 /* Basics */ = {
			isa = PBXGroup;
			children = (
				EC24E0F71A5B122400CD4BC3 /* AppDelegate.h */,
				EC24E0F81A5B122400CD4BC3 /* AppDelegate.m */,
				EC24E0FA1A5B122400CD4BC3 /* ViewController.h */,
				EC24E0FB1A5B122400CD4BC3 /* ViewController.m */,
				EC24E14B1A5B303900CD4BC3 /* BackgroundViewController.h */,
				EC24E14C1A5B303900CD4BC3 /* BackgroundViewController.m */,
				EC24E14E1A5B339900CD4BC3 /* BackgroundColorButton.h */,
				EC24E14F1A5B339900CD4BC3 /* BackgroundColorButton.m */,
				EC24E0FD1A5B122400CD4BC3 /* Main.storyboard */,
				EC24E1001A5B122400CD4BC3 /* Images.xcassets */,
				EC24E1021A5B122400CD4BC3 /* LaunchScreen.xib */,
				EC24E0F31A5B122400CD4BC3 /* Supporting Files */,
			);
			path = Basics;
			sourceTree = "<group>";
		};
		EC24E0F31A5B122400CD4BC3 /* Supporting Files */ = {
			isa = PBXGroup;
			children = (
				EC24E0F41A5B122400CD4BC3 /* Info.plist */,
				EC24E0F51A5B122400CD4BC3 /* main.m */,
			);
			name = "Supporting Files";
			sourceTree = "<group>";
		};
		EC24E10C1A5B122400CD4BC3 /* BasicsTests */ = {
			isa = PBXGroup;
			children = (
				EC24E10F1A5B122400CD4BC3 /* BasicsTests.m */,
				EC24E10D1A5B122400CD4BC3 /* Supporting Files */,
			);
			path = BasicsTests;
			sourceTree = "<group>";
		};
		EC24E10D1A5B122400CD4BC3 /* Supporting Files */ = {
			isa = PBXGroup;
			children = (
				EC24E10E1A5B122400CD4BC3 /* Info.plist */,
			);
			name = "Supporting Files";
			sourceTree = "<group>";
		};
/* End PBXGroup section */

/* Begin PBXNativeTarget section */
		EC24E0EF1A5B122300CD4BC3 /* Basics */ = {
			isa = PBXNativeTarget;
			buildConfigurationList = EC24E1131A5B122400CD4BC3 /* Build configuration list for PBXNativeTarget "Basics" */;
			buildPhases = (
				EC24E0EC1A5B122300CD4BC3 /* Sources */,
				EC24E0ED1A5B122300CD4BC3 /* Frameworks */,
				EC24E0EE1A5B122300CD4BC3 /* Resources */,
			);
			buildRules = (
			);
			dependencies = (
			);
			name = Basics;
			productName = Basics;
			productReference = EC24E0F01A5B122300CD4BC3 /* Basics.app */;
			productType = "com.apple.product-type.application";
		};
		EC24E1081A5B122400CD4BC3 /* BasicsTests */ = {
			isa = PBXNativeTarget;
			buildConfigurationList = EC24E1161A5B122400CD4BC3 /* Build configuration list for PBXNativeTarget "BasicsTests" */;
			buildPhases = (
				EC24E1051A5B122400CD4BC3 /* Sources */,
				EC24E1061A5B122400CD4BC3 /* Frameworks */,
				EC24E1071A5B122400CD4BC3 /* Resources */,
			);
			buildRules = (
			);
			dependencies = (
				EC24E10B1A5B122400CD4BC3 /* PBXTargetDependency */,
			);
			name = BasicsTests;
			productName = BasicsTests;
			productReference = EC24E1091A5B122400CD4BC3 /* BasicsTests.xctest */;
			productType = "com.apple.product-type.bundle.unit-test";
		};
/* End PBXNativeTarget section */

/* Begin PBXProject section */
		EC24E0E81A5B122300CD4BC3 /* Project object */ = {
			isa = PBXProject;
			attributes = {
				LastUpgradeCheck = 0610;
				ORGANIZATIONNAME = "Proximity Viz LLC";
				TargetAttributes = {
					EC24E0EF1A5B122300CD4BC3 = {
						CreatedOnToolsVersion = 6.1.1;
					};
					EC24E1081A5B122400CD4BC3 = {
						CreatedOnToolsVersion = 6.1.1;
						TestTargetID = EC24E0EF1A5B122300CD4BC3;
					};
				};
			};
			buildConfigurationList = EC24E0EB1A5B122300CD4BC3 /* Build configuration list for PBXProject "Basics" */;
			compatibilityVersion = "Xcode 3.2";
			developmentRegion = English;
			hasScannedForEncodings = 0;
			knownRegions = (
				en,
				Base,
			);
			mainGroup = EC24E0E71A5B122300CD4BC3;
			productRefGroup = EC24E0F11A5B122300CD4BC3 /* Products */;
			projectDirPath = "";
			projectRoot = "";
			targets = (
				EC24E0EF1A5B122300CD4BC3 /* Basics */,
				EC24E1081A5B122400CD4BC3 /* BasicsTests */,
			);
		};
/* End PBXProject section */

/* Begin PBXResourcesBuildPhase section */
		EC24E0EE1A5B122300CD4BC3 /* Resources */ = {
			isa = PBXResourcesBuildPhase;
			buildActionMask = 2147483647;
			files = (
				EC24E0FF1A5B122400CD4BC3 /* Main.storyboard in Resources */,
				EC24E1041A5B122400CD4BC3 /* LaunchScreen.xib in Resources */,
				EC24E1011A5B122400CD4BC3 /* Images.xcassets in Resources */,
			);
			runOnlyForDeploymentPostprocessing = 0;
		};
		EC24E1071A5B122400CD4BC3 /* Resources */ = {
			isa = PBXResourcesBuildPhase;
			buildActionMask = 2147483647;
			files = (
			);
			runOnlyForDeploymentPostprocessing = 0;
		};
/* End PBXResourcesBuildPhase section */

/* Begin PBXSourcesBuildPhase section */
		EC24E0EC1A5B122300CD4BC3 /* Sources */ = {
			isa = PBXSourcesBuildPhase;
			buildActionMask = 2147483647;
			files = (
				EC24E14D1A5B303900CD4BC3 /* BackgroundViewController.m in Sources */,
				EC24E0FC1A5B122400CD4BC3 /* ViewController.m in Sources */,
				EC24E1501A5B339900CD4BC3 /* BackgroundColorButton.m in Sources */,
				EC24E0F91A5B122400CD4BC3 /* AppDelegate.m in Sources */,
				EC24E0F61A5B122400CD4BC3 /* main.m in Sources */,
			);
			runOnlyForDeploymentPostprocessing = 0;
		};
		EC24E1051A5B122400CD4BC3 /* Sources */ = {
			isa = PBXSourcesBuildPhase;
			buildActionMask = 2147483647;
			files = (
				EC24E1101A5B122400CD4BC3 /* BasicsTests.m in Sources */,
			);
			runOnlyForDeploymentPostprocessing = 0;
		};
/* End PBXSourcesBuildPhase section */

/* Begin PBXTargetDependency section */
		EC24E10B1A5B122400CD4BC3 /* PBXTargetDependency */ = {
			isa = PBXTargetDependency;
			target = EC24E0EF1A5B122300CD4BC3 /* Basics */;
			targetProxy = EC24E10A1A5B122400CD4BC3 /* PBXContainerItemProxy */;
		};
/* End PBXTargetDependency section */

/* Begin PBXVariantGroup section */
		EC24E0FD1A5B122400CD4BC3 /* Main.storyboard */ = {
			isa = PBXVariantGroup;
			children = (
				EC24E0FE1A5B122400CD4BC3 /* Base */,
			);
			name = Main.storyboard;
			sourceTree = "<group>";
		};
		EC24E1021A5B122400CD4BC3 /* LaunchScreen.xib */ = {
			isa = PBXVariantGroup;
			children = (
				EC24E1031A5B122400CD4BC3 /* Base */,
			);
			name = LaunchScreen.xib;
			sourceTree = "<group>";
		};
/* End PBXVariantGroup section */

/* Begin XCBuildConfiguration section */
		EC24E1111A5B122400CD4BC3 /* Debug */ = {
			isa = XCBuildConfiguration;
			buildSettings = {
				ALWAYS_SEARCH_USER_PATHS = NO;
				CLANG_CXX_LANGUAGE_STANDARD = "gnu++0x";
				CLANG_CXX_LIBRARY = "libc++";
				CLANG_ENABLE_MODULES = YES;
				CLANG_ENABLE_OBJC_ARC = YES;
				CLANG_WARN_BOOL_CONVERSION = YES;
				CLANG_WARN_CONSTANT_CONVERSION = YES;
				CLANG_WARN_DIRECT_OBJC_ISA_USAGE = YES_ERROR;
				CLANG_WARN_EMPTY_BODY = YES;
				CLANG_WARN_ENUM_CONVERSION = YES;
				CLANG_WARN_INT_CONVERSION = YES;
				CLANG_WARN_OBJC_ROOT_CLASS = YES_ERROR;
				CLANG_WARN_UNREACHABLE_CODE = YES;
				CLANG_WARN__DUPLICATE_METHOD_MATCH = YES;
				"CODE_SIGN_IDENTITY[sdk=iphoneos*]" = "iPhone Developer";
				COPY_PHASE_STRIP = NO;
				ENABLE_STRICT_OBJC_MSGSEND = YES;
				GCC_C_LANGUAGE_STANDARD = gnu99;
				GCC_DYNAMIC_NO_PIC = NO;
				GCC_OPTIMIZATION_LEVEL = 0;
				GCC_PREPROCESSOR_DEFINITIONS = (
					"DEBUG=1",
					"$(inherited)",
				);
				GCC_SYMBOLS_PRIVATE_EXTERN = NO;
				GCC_WARN_64_TO_32_BIT_CONVERSION = YES;
				GCC_WARN_ABOUT_RETURN_TYPE = YES_ERROR;
				GCC_WARN_UNDECLARED_SELECTOR = YES;
				GCC_WARN_UNINITIALIZED_AUTOS = YES_AGGRESSIVE;
				GCC_WARN_UNUSED_FUNCTION = YES;
				GCC_WARN_UNUSED_VARIABLE = YES;
				IPHONEOS_DEPLOYMENT_TARGET = 8.1;
				MTL_ENABLE_DEBUG_INFO = YES;
				ONLY_ACTIVE_ARCH = YES;
				SDKROOT = iphoneos;
			};
			name = Debug;
		};
		EC24E1121A5B122400CD4BC3 /* Release */ = {
			isa = XCBuildConfiguration;
			buildSettings = {
				ALWAYS_SEARCH_USER_PATHS = NO;
				CLANG_CXX_LANGUAGE_STANDARD = "gnu++0x";
				CLANG_CXX_LIBRARY = "libc++";
				CLANG_ENABLE_MODULES = YES;
				CLANG_ENABLE_OBJC_ARC = YES;
				CLANG_WARN_BOOL_CONVERSION = YES;
				CLANG_WARN_CONSTANT_CONVERSION = YES;
				CLANG_WARN_DIRECT_OBJC_ISA_USAGE = YES_ERROR;
				CLANG_WARN_EMPTY_BODY = YES;
				CLANG_WARN_ENUM_CONVERSION = YES;
				CLANG_WARN_INT_CONVERSION = YES;
				CLANG_WARN_OBJC_ROOT_CLASS = YES_ERROR;
				CLANG_WARN_UNREACHABLE_CODE = YES;
				CLANG_WARN__DUPLICATE_METHOD_MATCH = YES;
				"CODE_SIGN_IDENTITY[sdk=iphoneos*]" = "iPhone Developer";
				COPY_PHASE_STRIP = YES;
				ENABLE_NS_ASSERTIONS = NO;
				ENABLE_STRICT_OBJC_MSGSEND = YES;
				GCC_C_LANGUAGE_STANDARD = gnu99;
				GCC_WARN_64_TO_32_BIT_CONVERSION = YES;
				GCC_WARN_ABOUT_RETURN_TYPE = YES_ERROR;
				GCC_WARN_UNDECLARED_SELECTOR = YES;
				GCC_WARN_UNINITIALIZED_AUTOS = YES_AGGRESSIVE;
				GCC_WARN_UNUSED_FUNCTION = YES;
				GCC_WARN_UNUSED_VARIABLE = YES;
				IPHONEOS_DEPLOYMENT_TARGET = 8.1;
				MTL_ENABLE_DEBUG_INFO = NO;
				SDKROOT = iphoneos;
				VALIDATE_PRODUCT = YES;
			};
			name = Release;
		};
		EC24E1141A5B122400CD4BC3 /* Debug */ = {
			isa = XCBuildConfiguration;
			buildSettings = {
				ASSETCATALOG_COMPILER_APPICON_NAME = AppIcon;
				INFOPLIST_FILE = Basics/Info.plist;
				LD_RUNPATH_SEARCH_PATHS = "$(inherited) @executable_path/Frameworks";
				PRODUCT_NAME = "$(TARGET_NAME)";
			};
			name = Debug;
		};
		EC24E1151A5B122400CD4BC3 /* Release */ = {
			isa = XCBuildConfiguration;
			buildSettings = {
				ASSETCATALOG_COMPILER_APPICON_NAME = AppIcon;
				INFOPLIST_FILE = Basics/Info.plist;
				LD_RUNPATH_SEARCH_PATHS = "$(inherited) @executable_path/Frameworks";
				PRODUCT_NAME = "$(TARGET_NAME)";
			};
			name = Release;
		};
		EC24E1171A5B122400CD4BC3 /* Debug */ = {
			isa = XCBuildConfiguration;
			buildSettings = {
				BUNDLE_LOADER = "$(TEST_HOST)";
				FRAMEWORK_SEARCH_PATHS = (
					"$(SDKROOT)/Developer/Library/Frameworks",
					"$(inherited)",
				);
				GCC_PREPROCESSOR_DEFINITIONS = (
					"DEBUG=1",
					"$(inherited)",
				);
				INFOPLIST_FILE = BasicsTests/Info.plist;
				LD_RUNPATH_SEARCH_PATHS = "$(inherited) @executable_path/Frameworks @loader_path/Frameworks";
				PRODUCT_NAME = "$(TARGET_NAME)";
				TEST_HOST = "$(BUILT_PRODUCTS_DIR)/Basics.app/Basics";
			};
			name = Debug;
		};
		EC24E1181A5B122400CD4BC3 /* Release */ = {
			isa = XCBuildConfiguration;
			buildSettings = {
				BUNDLE_LOADER = "$(TEST_HOST)";
				FRAMEWORK_SEARCH_PATHS = (
					"$(SDKROOT)/Developer/Library/Frameworks",
					"$(inherited)",
				);
				INFOPLIST_FILE = BasicsTests/Info.plist;
				LD_RUNPATH_SEARCH_PATHS = "$(inherited) @executable_path/Frameworks @loader_path/Frameworks";
				PRODUCT_NAME = "$(TARGET_NAME)";
				TEST_HOST = "$(BUILT_PRODUCTS_DIR)/Basics.app/Basics";
			};
			name = Release;
		};
/* End XCBuildConfiguration section */

/* Begin XCConfigurationList section */
		EC24E0EB1A5B122300CD4BC3 /* Build configuration list for PBXProject "Basics" */ = {
			isa = XCConfigurationList;
			buildConfigurations = (
				EC24E1111A5B122400CD4BC3 /* Debug */,
				EC24E1121A5B122400CD4BC3 /* Release */,
			);
			defaultConfigurationIsVisible = 0;
			defaultConfigurationName = Release;
		};
		EC24E1131A5B122400CD4BC3 /* Build configuration list for PBXNativeTarget "Basics" */ = {
			isa = XCConfigurationList;
			buildConfigurations = (
				EC24E1141A5B122400CD4BC3 /* Debug */,
				EC24E1151A5B122400CD4BC3 /* Release */,
			);
			defaultConfigurationIsVisible = 0;
			defaultConfigurationName = Release;
		};
		EC24E1161A5B122400CD4BC3 /* Build configuration list for PBXNativeTarget "BasicsTests" */ = {
			isa = XCConfigurationList;
			buildConfigurations = (
				EC24E1171A5B122400CD4BC3 /* Debug */,
				EC24E1181A5B122400CD4BC3 /* Release */,
			);
			defaultConfigurationIsVisible = 0;
			defaultConfigurationName = Release;
		};
/* End XCConfigurationList section */
	};
	rootObject = EC24E0E81A5B122300CD4BC3 /* Project object */;
}
